<Solution>
  <Folder Name="/src/">
    <Project Path="src/MailMcp.AI/MailMcp.AI.csproj" />
    <Project Path="src/MailMcp.AppHost/MailMcp.AppHost.csproj" />
    <Project Path="src/MailMcp.Application/MailMcp.Application.csproj" />
    <Project Path="src/MailMcp.Domain/MailMcp.Domain.csproj" />
    <Project Path="src/MailMcp.Host/MailMcp.Host.csproj" />
    <Project Path="src/MailMcp.Infrastructure/MailMcp.Infrastructure.csproj" />
    <Project Path="src/MailMcp.Mcp/MailMcp.Mcp.csproj" />
  </Folder>
  <Folder Name="/tests/">
    <Project Path="tests/MailMcp.AI.UnitTests/MailMcp.AI.UnitTests.csproj" />
    <Project Path="tests/MailMcp.Application.UnitTests/MailMcp.Application.UnitTests.csproj" />
    <Project Path="tests/MailMcp.Domain.UnitTests/MailMcp.Domain.UnitTests.csproj" />
    <Project Path="tests/MailMcp.Infrastructure.UnitTests/MailMcp.Infrastructure.UnitTests.csproj" />
    <Project Path="tests/MailMcp.Mcp.UnitTests/MailMcp.Mcp.UnitTests.csproj" />
  </Folder>
</Solution>
