<Solution>
  <Folder Name="/backend/src/">
    <Project Path="backend/src/AI/AI.csproj" />
    <Project Path="backend/src/AppHost/AppHost.csproj" />
    <Project Path="backend/src/Application/Application.csproj" />
    <Project Path="backend/src/Cli/Cli.csproj" />
    <Project Path="backend/src/Common/Common.csproj" />
    <Project Path="backend/src/Domain/Domain.csproj" />
    <Project Path="backend/src/Host/Host.csproj" />
    <Project Path="backend/src/Infrastructure/Infrastructure.csproj" />
    <Project Path="backend/src/Mcp/Mcp.csproj" />
  </Folder>
  <Folder Name="/backend/tests/">
    <Project Path="backend/tests/AI.UnitTests/AI.UnitTests.csproj" />
    <Project Path="backend/tests/AllocationBudgets.UnitTests/AllocationBudgets.UnitTests.csproj" />
    <Project Path="backend/tests/AppHost.UnitTests/AppHost.UnitTests.csproj" />
    <Project Path="backend/tests/Application.UnitTests/Application.UnitTests.csproj" />
    <Project Path="backend/tests/Benchmarks/Benchmarks.csproj" />
    <Project Path="backend/tests/Boundaries.UnitTests/Boundaries.UnitTests.csproj" />
    <Project Path="backend/tests/Cli.UnitTests/Cli.UnitTests.csproj" />
    <Project Path="backend/tests/Common.UnitTests/Common.UnitTests.csproj" />
    <Project Path="backend/tests/Domain.UnitTests/Domain.UnitTests.csproj" />
    <Project Path="backend/tests/Host.UnitTests/Host.UnitTests.csproj" />
    <Project Path="backend/tests/Infrastructure.UnitTests/Infrastructure.UnitTests.csproj" />
    <Project Path="backend/tests/IntegrationTests/IntegrationTests.csproj" />
    <Project Path="backend/tests/Mcp.UnitTests/Mcp.UnitTests.csproj" />
    <Project Path="backend/tests/PublicSurfaces.UnitTests/PublicSurfaces.UnitTests.csproj" />
    <Project Path="backend/tests/SharedSources.UnitTests/SharedSources.UnitTests.csproj" />
    <Project Path="backend/tests/SyntheticMail.UnitTests/SyntheticMail.UnitTests.csproj" />
  </Folder>
  <Folder Name="/tools/">
    <Project Path="tools/SyntheticMail/SyntheticMail.csproj" />
  </Folder>
</Solution>
