{
  "version": 2,
  "dependencies": {
    "net10.0": {
      "BenchmarkDotNet": {
        "type": "Direct",
        "requested": "[0.15.8, )",
        "resolved": "0.15.8",
        "contentHash": "paCfrWxSeHqn3rUZc0spYXVFnHCF0nzRhG0nOLnyTjZYs8spsimBaaNmb3vwqvALKIplbYq/TF393vYiYSnh/Q==",
        "dependencies": {
          "BenchmarkDotNet.Annotations": "0.15.8",
          "CommandLineParser": "2.9.1",
          "Gee.External.Capstone": "2.3.0",
          "Iced": "1.21.0",
          "Microsoft.CodeAnalysis.CSharp": "4.14.0",
          "Microsoft.Diagnostics.Runtime": "3.1.512801",
          "Microsoft.Diagnostics.Tracing.TraceEvent": "3.1.21",
          "Microsoft.DotNet.PlatformAbstractions": "3.1.6",
          "Perfolizer": "[0.6.1]",
          "System.Management": "9.0.5"
        }
      },
      "Microsoft.CodeAnalysis.BannedApiAnalyzers": {
        "type": "Direct",
        "requested": "[5.6.0, )",
        "resolved": "5.6.0",
        "contentHash": "Kcobt3pnOdO0A+6CKiMHZdTEluJpsfxiV20axtZdmfBQnDmiWTKPJADlgAfdTuKNAnVarrkJa0UEGwuOo91muw=="
      },
      "Microsoft.CodeAnalysis.NetAnalyzers": {
        "type": "Direct",
        "requested": "[10.0.302, )",
        "resolved": "10.0.302",
        "contentHash": "mbJSf5EOYkgnPQ0jO0qo4AByQYDGbBZDs0+23xdkK2ckuvYJGlPT1nPR0WCSnzwXdiVypOTZ4ArcT4H/X/f1mQ=="
      },
      "Microsoft.VisualStudio.Threading.Analyzers": {
        "type": "Direct",
        "requested": "[17.14.15, )",
        "resolved": "17.14.15",
        "contentHash": "mXQPJsbuUD2ydq4/ffd8h8tSOFCXec+2xJOVNCvXjuMOq/+5EKHq3D2m2MC2+nUaXeFMSt66VS/J4HdKBixgcw=="
      },
      "MimeKit": {
        "type": "Direct",
        "requested": "[4.17.0, )",
        "resolved": "4.17.0",
        "contentHash": "h/KXsCreJf8RpR/PSAtlbvYtZFndp9N8Wn1Bs248AL7ITyhn+AiIY5bLTvt60tbN2mu6g8KadtBNWygTji2lqg==",
        "dependencies": {
          "BouncyCastle.Cryptography": "2.6.2",
          "System.Security.Cryptography.Pkcs": "10.0.0"
        }
      },
      "Roslynator.Analyzers": {
        "type": "Direct",
        "requested": "[4.13.1, )",
        "resolved": "4.13.1",
        "contentHash": "KZpLy6ZlCebMk+d/3I5KU2R7AOb4LNJ6tPJqPtvFXmO8bEBHQvCIAvJOnY2tu4C9/aVOROTDYUFADxFqw1gh/g=="
      },
      "Roslynator.CodeAnalysis.Analyzers": {
        "type": "Direct",
        "requested": "[4.13.1, )",
        "resolved": "4.13.1",
        "contentHash": "PwbuGlRFp87pdx9GVIjDmFwkYEfxVQKs0yWuIedTrUht2JwIzLe0Y7QNzgeJaE7E3YsCVED09h1X6WBqQ95XIA=="
      },
      "Roslynator.Formatting.Analyzers": {
        "type": "Direct",
        "requested": "[4.13.1, )",
        "resolved": "4.13.1",
        "contentHash": "V9gCt0T1Tnu+jMWJDLiUV/vOTmGzmofEdVeUPKPdh8MJW7f3kkhFXSeDotwl8Ob88OxrBf+4LrV/D7OA4tAluA=="
      },
      "AngleSharp": {
        "type": "Transitive",
        "resolved": "1.6.0",
        "contentHash": "kVnhnZlM4Yww2KWqW3uSL8isvhYsrTTBMSPAgoF8ZhMrLSoay6783AP6dQxAj1J9gvWKi3OIM4ZezdE2Y4ufCQ=="
      },
      "AngleSharp.Css": {
        "type": "Transitive",
        "resolved": "1.0.0",
        "contentHash": "yMpYcNkI/ZHTt+qZMczhHEAHZV0AZf75nqJ5LqERFXvJGOFLJjwr0eqaYXqYlt9JPojOd+OkZLlGbnsmKjmh+g==",
        "dependencies": {
          "AngleSharp": "[1.5.0, 2.0.0)"
        }
      },
      "Azure.Core": {
        "type": "Transitive",
        "resolved": "1.53.0",
        "contentHash": "x9c/toFMOtRrlTdFuE7rlGCVAduQzWVfKmLz5juj41zJAXEhYD5hluiUyyAEzJ6OxpBnKtiaBztzwpZITAVjtg==",
        "dependencies": {
          "Microsoft.Bcl.AsyncInterfaces": "10.0.3",
          "Microsoft.Extensions.Configuration.Abstractions": "10.0.3",
          "Microsoft.Extensions.Hosting.Abstractions": "10.0.3",
          "Microsoft.Identity.Client": "4.83.1",
          "Microsoft.Identity.Client.Extensions.Msal": "4.83.1",
          "System.ClientModel": "1.10.0",
          "System.Memory.Data": "10.0.3"
        }
      },
      "BenchmarkDotNet.Annotations": {
        "type": "Transitive",
        "resolved": "0.15.8",
        "contentHash": "hfucY0ycAsB0SsoaZcaAp9oq5wlWBJcylvEJb9pmvdYUx6PD6S4mDiYnZWjdjAlLhIpe/xtGCwzORfzAzPqvzA=="
      },
      "CommandLineParser": {
        "type": "Transitive",
        "resolved": "2.9.1",
        "contentHash": "OE0sl1/sQ37bjVsPKKtwQlWDgqaxWgtme3xZz7JssWUzg5JpMIyHgCTY9MVMxOg48fJ1AgGT3tgdH5m/kQ5xhA=="
      },
      "ExtendedNumerics.BigDecimal": {
        "type": "Transitive",
        "resolved": "3003.2.0.161",
        "contentHash": "VMTiP6rMaghsAILVw+2W7FzReJH0kuF+YU9/4u110IWtsCWe+5HvzJqWxyknd860zFEbA9N37+qk5IjRLdF5UQ=="
      },
      "Gee.External.Capstone": {
        "type": "Transitive",
        "resolved": "2.3.0",
        "contentHash": "2ap/rYmjtzCOT8hxrnEW/QeiOt+paD8iRrIcdKX0cxVwWLFa1e+JDBNeECakmccXrSFeBQuu5AV8SNkipFMMMw=="
      },
      "Google.Protobuf": {
        "type": "Transitive",
        "resolved": "3.30.2",
        "contentHash": "Y2aOVLIt75yeeEWigg9V9YnjsEm53sADtLGq0gLhwaXpk3iu8tYSoauolyhenagA2sWno2TQ2WujI0HQd6s1Vw=="
      },
      "Iced": {
        "type": "Transitive",
        "resolved": "1.21.0",
        "contentHash": "dv5+81Q1TBQvVMSOOOmRcjJmvWcX3BZPZsIq31+RLc5cNft0IHAyNlkdb7ZarOWG913PyBoFDsDXoCIlKmLclg=="
      },
      "Microsoft.Agents.AI.Abstractions": {
        "type": "Transitive",
        "resolved": "1.15.0",
        "contentHash": "+RSzgp/0cS8sX9sMYkEowWtkeSZa7U2xMkI4eH4MAX1WPxwXXkFI/fgBL9AhejdGrbFGWI4GnfdRoJ9Uo8WKlg==",
        "dependencies": {
          "Microsoft.Extensions.AI.Abstractions": "10.6.0"
        }
      },
      "Microsoft.Bcl.AsyncInterfaces": {
        "type": "Transitive",
        "resolved": "10.0.3",
        "contentHash": "TV62UsrJZPX6gbt3c4WrtXh7bmaDIcMqf9uft1cc4L6gJXOU07hDGEh+bFQh/L2Az0R1WVOkiT66lFqS6G2NmA=="
      },
      "Microsoft.CodeAnalysis.Analyzers": {
        "type": "Transitive",
        "resolved": "3.11.0",
        "contentHash": "v/EW3UE8/lbEYHoC2Qq7AR/DnmvpgdtAMndfQNmpuIMx/Mto8L5JnuCfdBYtgvalQOtfNCnxFejxuRrryvUTsg=="
      },
      "Microsoft.CodeAnalysis.Common": {
        "type": "Transitive",
        "resolved": "4.14.0",
        "contentHash": "PC3tuwZYnC+idaPuoC/AZpEdwrtX7qFpmnrfQkgobGIWiYmGi5MCRtl5mx6QrfMGQpK78X2lfIEoZDLg/qnuHg==",
        "dependencies": {
          "Microsoft.CodeAnalysis.Analyzers": "3.11.0"
        }
      },
      "Microsoft.CodeAnalysis.CSharp": {
        "type": "Transitive",
        "resolved": "4.14.0",
        "contentHash": "568a6wcTivauIhbeWcCwfWwIn7UV7MeHEBvFB2uzGIpM2OhJ4eM/FZ8KS0yhPoNxnSpjGzz7x7CIjTxhslojQA==",
        "dependencies": {
          "Microsoft.CodeAnalysis.Analyzers": "3.11.0",
          "Microsoft.CodeAnalysis.Common": "[4.14.0]"
        }
      },
      "Microsoft.Diagnostics.NETCore.Client": {
        "type": "Transitive",
        "resolved": "0.2.510501",
        "contentHash": "juoqJYMDs+lRrrZyOkXXMImJHneCF23cuvO4waFRd2Ds7j+ZuGIPbJm0Y/zz34BdeaGiiwGWraMUlln05W1PCQ==",
        "dependencies": {
          "Microsoft.Extensions.Logging": "6.0.0"
        }
      },
      "Microsoft.Diagnostics.Runtime": {
        "type": "Transitive",
        "resolved": "3.1.512801",
        "contentHash": "0lMUDr2oxNZa28D6NH5BuSQEe5T9tZziIkvkD44YkkCGQXPJqvFjLq5ZQq1hYLl3RjQJrY+hR0jFgap+EWPDTw==",
        "dependencies": {
          "Microsoft.Diagnostics.NETCore.Client": "0.2.410101"
        }
      },
      "Microsoft.Diagnostics.Tracing.TraceEvent": {
        "type": "Transitive",
        "resolved": "3.1.21",
        "contentHash": "/OrJFKaojSR6TkUKtwh8/qA9XWNtxLrXMqvEb89dBSKCWjaGVTbKMYodIUgF5deCEtmd6GXuRerciXGl5bhZ7Q==",
        "dependencies": {
          "Microsoft.Diagnostics.NETCore.Client": "0.2.510501",
          "System.Reflection.TypeExtensions": "4.7.0"
        }
      },
      "Microsoft.DotNet.PlatformAbstractions": {
        "type": "Transitive",
        "resolved": "3.1.6",
        "contentHash": "jek4XYaQ/PGUwDKKhwR8K47Uh1189PFzMeLqO83mXrXQVIpARZCcfuDedH50YDTepBkfijCZN5U/vZi++erxtg=="
      },
      "Microsoft.EntityFrameworkCore.Abstractions": {
        "type": "Transitive",
        "resolved": "10.0.10",
        "contentHash": "bOzrFCl6uZCjaSh2bG1ToRQRdx+iXvxosCg9hFyG9OWeAzOFI4xev9OqKeWfKf/kAHyox2JnbcvLVf2ceA7sqA=="
      },
      "Microsoft.EntityFrameworkCore.Analyzers": {
        "type": "Transitive",
        "resolved": "10.0.10",
        "contentHash": "2gLDordUCGf3aNOOuqtTbP5mxhiP9nk6TnvGiE3RnqT891O+Zf/qKu1PIREubs1M16A0SImr4vULBfU5BTDs1Q=="
      },
      "Microsoft.Extensions.AI.Evaluation": {
        "type": "Transitive",
        "resolved": "10.6.0",
        "contentHash": "fHu9H93p7jM2KiXC/6Kd511Gly1rR/VVSIr0FpQ0K381KSHNkSKgp7UAceAPe8wuUMBNXlhcI0q8UocjneuBVg==",
        "dependencies": {
          "Microsoft.Extensions.AI.Abstractions": "10.6.0"
        }
      },
      "Microsoft.Extensions.AmbientMetadata.Application": {
        "type": "Transitive",
        "resolved": "10.6.0",
        "contentHash": "MPAI1c5QqkDgEyEvsSj7KPPWHlTCqvXxtfp7JISul4P54GfDkSs+S7Vyq7tmS7MzpEjuH/6xrsFlUqAPlLyTUA==",
        "dependencies": {
          "Microsoft.Extensions.Configuration": "10.0.8",
          "Microsoft.Extensions.Hosting.Abstractions": "10.0.8",
          "Microsoft.Extensions.Options.ConfigurationExtensions": "10.0.8"
        }
      },
      "Microsoft.Extensions.Caching.Abstractions": {
        "type": "Transitive",
        "resolved": "10.0.10",
        "contentHash": "4ZFBNE+jzR+CrWWlhOesnmywCW7pYKT0dxyAQRdL11yJwxe4jvcAu31eorFtEkoFeCDcUTeNssgPv2yaRRptaQ==",
        "dependencies": {
          "Microsoft.Extensions.Primitives": "10.0.10"
        }
      },
      "Microsoft.Extensions.Caching.Memory": {
        "type": "Transitive",
        "resolved": "10.0.10",
        "contentHash": "N1w5H7uK6gCTnCBZAWzE0/EQYSPysij/uYwDqntqBVvBa6bjMmBKitsnEFd6yh/SX3wLm67nO6+OnZ84K+gZWg==",
        "dependencies": {
          "Microsoft.Extensions.Caching.Abstractions": "10.0.10",
          "Microsoft.Extensions.DependencyInjection.Abstractions": "10.0.10",
          "Microsoft.Extensions.Logging.Abstractions": "10.0.10",
          "Microsoft.Extensions.Options": "10.0.10",
          "Microsoft.Extensions.Primitives": "10.0.10"
        }
      },
      "Microsoft.Extensions.Compliance.Abstractions": {
        "type": "Transitive",
        "resolved": "10.6.0",
        "contentHash": "L8zTKn8e2LCQbsDFLWFm6fZQ54F/1FisLx43nkEof4HmmsO2HaZHshV85+qF8HXO48MlGJdrWUg+uVBj/WDmmw==",
        "dependencies": {
          "Microsoft.Extensions.DependencyInjection.Abstractions": "10.0.8",
          "Microsoft.Extensions.ObjectPool": "10.0.8"
        }
      },
      "Microsoft.Extensions.Configuration.Abstractions": {
        "type": "Transitive",
        "resolved": "10.0.10",
        "contentHash": "5Vnd2I75DmZCVEjSynIdJ/0EGafgnLQwgR3t2C2/fkjx/nRG+cLwxLLdInoHeCEpkD5K4Ov/g9ZCRYrl4TRsaA==",
        "dependencies": {
          "Microsoft.Extensions.Primitives": "10.0.10"
        }
      },
      "Microsoft.Extensions.DependencyInjection": {
        "type": "Transitive",
        "resolved": "10.0.10",
        "contentHash": "ANyvsgkNBRvcJh2XLgn8veGmajf+8m0AbKK+HPWdRL1yraSNVVSmQhFntLtdz/C795jxqqup+k05cs/3jZQPOA==",
        "dependencies": {
          "Microsoft.Extensions.DependencyInjection.Abstractions": "10.0.10"
        }
      },
      "Microsoft.Extensions.DependencyInjection.Abstractions": {
        "type": "Transitive",
        "resolved": "10.0.10",
        "contentHash": "z/2xXlFw2aLGjHyEm6E0tQ+In6VfzQzTrtArbQ2c0TQE16ZbyDCMGPvaUT9I0s8rgy9sRWlU2P9waW37qV04qA=="
      },
      "Microsoft.Extensions.DependencyInjection.AutoActivation": {
        "type": "Transitive",
        "resolved": "10.6.0",
        "contentHash": "FoX/prFoqjogPV1DleOnakFM9yzu8m4dK8Z0d9f8pPTf00PkEvd2Vulncijd/rykUX3aXERMMxsX6c/9QSAOaA==",
        "dependencies": {
          "Microsoft.Extensions.Hosting.Abstractions": "10.0.8"
        }
      },
      "Microsoft.Extensions.Diagnostics": {
        "type": "Transitive",
        "resolved": "10.0.8",
        "contentHash": "uduyw9d3Fi+sbredO5drA1S44AQS2FRNFyn72UmB2vmQIO1qaXprpp1U/2lYhYi8yFdVERfY9sy/pxw/qPOU9w==",
        "dependencies": {
          "Microsoft.Extensions.Configuration": "10.0.8",
          "Microsoft.Extensions.Diagnostics.Abstractions": "10.0.8",
          "Microsoft.Extensions.Options.ConfigurationExtensions": "10.0.8"
        }
      },
      "Microsoft.Extensions.Diagnostics.Abstractions": {
        "type": "Transitive",
        "resolved": "10.0.10",
        "contentHash": "9uWiKpeOVac355STyChWR/pliFX/5CeLqChW9kKsaxyDH4EUTZxMkT4Jwp/J/peLm0GBFmSX5c0WCse3yCnq1Q==",
        "dependencies": {
          "Microsoft.Extensions.DependencyInjection.Abstractions": "10.0.10",
          "Microsoft.Extensions.Options": "10.0.10"
        }
      },
      "Microsoft.Extensions.Diagnostics.ExceptionSummarization": {
        "type": "Transitive",
        "resolved": "10.6.0",
        "contentHash": "dpkWVFSg8JT1BBL33+lF3pY52En3y8qoHvtc5esMx8TVrxRXuzqIjca6MqyODpGfg5/NK4bpOYZDYBOAr8PSrA==",
        "dependencies": {
          "Microsoft.Extensions.DependencyInjection.Abstractions": "10.0.8"
        }
      },
      "Microsoft.Extensions.Diagnostics.HealthChecks": {
        "type": "Transitive",
        "resolved": "10.0.8",
        "contentHash": "IlXZUZIA9b99yQURc8jOLmmS6GD42vj6t+LqWs6Dd+naggObSbEXDw8DU8DUu2tL8CnyG96F4pDLhjd7BmZPAQ==",
        "dependencies": {
          "Microsoft.Extensions.Diagnostics.HealthChecks.Abstractions": "10.0.8",
          "Microsoft.Extensions.Hosting.Abstractions": "10.0.8",
          "Microsoft.Extensions.Logging.Abstractions": "10.0.8",
          "Microsoft.Extensions.Options": "10.0.8"
        }
      },
      "Microsoft.Extensions.Diagnostics.HealthChecks.Abstractions": {
        "type": "Transitive",
        "resolved": "10.0.8",
        "contentHash": "0j06qq5I1YGSIi4M86UaVITBprvn3bTWKmQiLDNEqnZ2d+UxaFb+tVqemxVzr5lkr6GTR83ExUfSIpCnBaTZFA=="
      },
      "Microsoft.Extensions.Diagnostics.HealthChecks.EntityFrameworkCore": {
        "type": "Transitive",
        "resolved": "10.0.8",
        "contentHash": "VyjlpOHGpT9xoNFKNd/27FBF4eBimMcCCIfMxkeju/8uUnugwsxHfzZX2iP+ilYeoYB4HeT5gAoswTIKD6SYJw==",
        "dependencies": {
          "Microsoft.EntityFrameworkCore.Relational": "10.0.8",
          "Microsoft.Extensions.Diagnostics.HealthChecks": "10.0.8",
          "Microsoft.Extensions.Diagnostics.HealthChecks.Abstractions": "10.0.8"
        }
      },
      "Microsoft.Extensions.FileProviders.Abstractions": {
        "type": "Transitive",
        "resolved": "10.0.10",
        "contentHash": "c5zqFCY9DiIpMovLd7/d/CTiEtrMOuQ639dhv3PABtKQIKNQikSHwQt8+N679uii9q+B55lgK28Uv64FOwEu8w==",
        "dependencies": {
          "Microsoft.Extensions.Primitives": "10.0.10"
        }
      },
      "Microsoft.Extensions.FileSystemGlobbing": {
        "type": "Transitive",
        "resolved": "10.0.6",
        "contentHash": "EG9GuYJlj1o1G8maSpKceZdj88OehKFRWaWp8BWUQWlvIJDWD8N0sIYDoRMGL/yX85H8KbVYPR9+dH/UjPEiKw=="
      },
      "Microsoft.Extensions.Http": {
        "type": "Transitive",
        "resolved": "10.0.8",
        "contentHash": "/9LU/KWJOrtZJB9ymPjcARDyjp679BvBA/aSncv2Kt84WlSKz767HtxHg8EFsu8n21BMLZi+5XxlkKbLwfn4iA==",
        "dependencies": {
          "Microsoft.Extensions.Configuration.Abstractions": "10.0.8",
          "Microsoft.Extensions.DependencyInjection.Abstractions": "10.0.8",
          "Microsoft.Extensions.Diagnostics": "10.0.8",
          "Microsoft.Extensions.Logging": "10.0.8",
          "Microsoft.Extensions.Logging.Abstractions": "10.0.8",
          "Microsoft.Extensions.Options": "10.0.8"
        }
      },
      "Microsoft.Extensions.Http.Diagnostics": {
        "type": "Transitive",
        "resolved": "10.6.0",
        "contentHash": "p7nJYUYk5M0k1bWeRYQr/6k5KO2XpmUIIHgmlFZGirZJxXEShSz66Q5OX2Y8Yfaz9bIhSNqAbnn5B3zhNR2Sxg==",
        "dependencies": {
          "Microsoft.Extensions.Http": "10.0.8",
          "Microsoft.Extensions.Telemetry": "10.6.0"
        }
      },
      "Microsoft.Extensions.Logging": {
        "type": "Transitive",
        "resolved": "10.0.10",
        "contentHash": "Tf6z5HsL0VDYRTfvsoNrTGHGheCwkTsZBA2FFh5ATJUbkAwug+FFNISJK2gjpUNemlAOoWllAK52HOWCjto3EQ==",
        "dependencies": {
          "Microsoft.Extensions.DependencyInjection": "10.0.10",
          "Microsoft.Extensions.Logging.Abstractions": "10.0.10",
          "Microsoft.Extensions.Options": "10.0.10"
        }
      },
      "Microsoft.Extensions.Logging.Configuration": {
        "type": "Transitive",
        "resolved": "10.0.8",
        "contentHash": "rxSLTO7xTbcC3DuEJHNEijBr8g14Jj62zQ+DeFu68bsoTYoU8jLcMhc1735PV21bESXsATlL5LsfaWH71FOWAg==",
        "dependencies": {
          "Microsoft.Extensions.Configuration": "10.0.8",
          "Microsoft.Extensions.Configuration.Abstractions": "10.0.8",
          "Microsoft.Extensions.Configuration.Binder": "10.0.8",
          "Microsoft.Extensions.DependencyInjection.Abstractions": "10.0.8",
          "Microsoft.Extensions.Logging": "10.0.8",
          "Microsoft.Extensions.Logging.Abstractions": "10.0.8",
          "Microsoft.Extensions.Options": "10.0.8",
          "Microsoft.Extensions.Options.ConfigurationExtensions": "10.0.8"
        }
      },
      "Microsoft.Extensions.ObjectPool": {
        "type": "Transitive",
        "resolved": "10.0.8",
        "contentHash": "aQBFbY8i/dacE0fP+ZJ8Lhx/unYRnGHhtM+tHb46GLkeNjBdOzgFk88sX6BVZBhoa6JrYIOBGYTc5K4WItBsag=="
      },
      "Microsoft.Extensions.Options": {
        "type": "Transitive",
        "resolved": "10.0.10",
        "contentHash": "srnhnk7nE8krBiIXp71LvBmKBtraBONWSRzdjJgRv1Ko9Mp8IVNqv4vIS9hGeVteBig8aQkva9ZG+sC+o5sVcA==",
        "dependencies": {
          "Microsoft.Extensions.DependencyInjection.Abstractions": "10.0.10",
          "Microsoft.Extensions.Primitives": "10.0.10"
        }
      },
      "Microsoft.Extensions.Primitives": {
        "type": "Transitive",
        "resolved": "10.0.10",
        "contentHash": "5wu/GrYVd8mG2DVUw3vFJzF+O336TyTGg/Kmcgw9bfwYhCoFiV5lR5QeEmKecJyrW4W54nMfD3p3589E8a7czQ=="
      },
      "Microsoft.Extensions.Resilience": {
        "type": "Transitive",
        "resolved": "10.6.0",
        "contentHash": "n3ARODKBYCZAJEaDiWqXQnrjh9FXBs1yTwmWUUNgvLdJmLo/MTtz60M2t1By1jIt+I3u82/W4L5xJy8abzPUyw==",
        "dependencies": {
          "Microsoft.Extensions.Diagnostics": "10.0.8",
          "Microsoft.Extensions.Diagnostics.ExceptionSummarization": "10.6.0",
          "Microsoft.Extensions.Options.ConfigurationExtensions": "10.0.8",
          "Microsoft.Extensions.Telemetry.Abstractions": "10.6.0",
          "Polly.Extensions": "8.4.2",
          "Polly.RateLimiting": "8.4.2"
        }
      },
      "Microsoft.Extensions.Telemetry": {
        "type": "Transitive",
        "resolved": "10.6.0",
        "contentHash": "wbcC4zPaEGG53znXd4VDw3ZGITX352q80oW1iyK8rOGaJNof1zimVfZjn6E/Glw0ttZoiyHN0wf8b4KRk/rMAw==",
        "dependencies": {
          "Microsoft.Extensions.AmbientMetadata.Application": "10.6.0",
          "Microsoft.Extensions.DependencyInjection.AutoActivation": "10.6.0",
          "Microsoft.Extensions.Logging.Configuration": "10.0.8",
          "Microsoft.Extensions.ObjectPool": "10.0.8",
          "Microsoft.Extensions.Telemetry.Abstractions": "10.6.0"
        }
      },
      "Microsoft.Extensions.Telemetry.Abstractions": {
        "type": "Transitive",
        "resolved": "10.6.0",
        "contentHash": "aNQEJu5DD2YVQEWWmC/ALEiV1Qt400BaDO+SExtfAaGqYaNu/r2sW9xGLuc71fcjbrmzqX8LzNgK5mzjjMW9RQ==",
        "dependencies": {
          "Microsoft.Extensions.Compliance.Abstractions": "10.6.0",
          "Microsoft.Extensions.Logging.Abstractions": "10.0.8",
          "Microsoft.Extensions.ObjectPool": "10.0.8",
          "Microsoft.Extensions.Options": "10.0.8"
        }
      },
      "Microsoft.Extensions.VectorData.Abstractions": {
        "type": "Transitive",
        "resolved": "9.7.0",
        "contentHash": "Vth/omSCX2vR0JabzSRU/hdPhr0CvUVZlaS2lJPWHrEwvak8ntrQLDtLMtMiWKSvviGBe/WmjUW8gA3qqn9tjw==",
        "dependencies": {
          "Microsoft.Extensions.AI.Abstractions": "9.5.0"
        }
      },
      "Microsoft.Identity.Client": {
        "type": "Transitive",
        "resolved": "4.83.1",
        "contentHash": "jOLIrZ3cynoqHLLO1cXplFFabrhrMEYs/EuKHvmCyrOm1axqiVFT6nCSnHxk7w5+d2BeQfCdM12Yf/0X7OeS1g==",
        "dependencies": {
          "Microsoft.IdentityModel.Abstractions": "8.14.0"
        }
      },
      "Microsoft.Identity.Client.Extensions.Msal": {
        "type": "Transitive",
        "resolved": "4.83.1",
        "contentHash": "I3k4J4Hj4KbLEFanjeUzzDOVecukETaTgEkJ7h2pP/Yazs6SLp6TVUTo/Eo+ptPXMwvc+iX7rBFtMSUrA7R+Mg==",
        "dependencies": {
          "Microsoft.Identity.Client": "4.83.1",
          "System.Security.Cryptography.ProtectedData": "4.5.0"
        }
      },
      "Microsoft.IdentityModel.Abstractions": {
        "type": "Transitive",
        "resolved": "8.14.0",
        "contentHash": "iwbCpSjD3ehfTwBhtSNEtKPK0ICun6ov7Ibx6ISNA9bfwIyzI2Siwyi9eJFCJBwxowK9xcA1mj+jBWiigeqgcQ=="
      },
      "Microsoft.ML.Tokenizers": {
        "type": "Transitive",
        "resolved": "2.0.0",
        "contentHash": "+b8lT4cLLO/sBR2hjvE/qG6qrZG15h7/PBvnIrzTh4xDaAxdHUY6449rC+1pHzQUsBiCHZVbj+VMn+xS0sL7TA==",
        "dependencies": {
          "Google.Protobuf": "3.30.2"
        }
      },
      "NCalc.Core": {
        "type": "Transitive",
        "resolved": "7.1.0",
        "contentHash": "AW0R2aiRkZqSv2GZcO5QJ3dirCuiE+1U53NYF2ONzKts9fbE3J3oZPzujJzBuLO1EaXiirzibghgPRavufiDGg==",
        "dependencies": {
          "ExtendedNumerics.BigDecimal": "3003.2.0.161",
          "Microsoft.Extensions.Logging.Abstractions": "10.0.10",
          "NCalc.Parser": "7.1.0",
          "Parlot": "1.5.8"
        }
      },
      "NCalc.Domain": {
        "type": "Transitive",
        "resolved": "7.1.0",
        "contentHash": "+TJaDQ1EkWE9v672uwf2PjjTS9Pd5IxZKPOL/KjvH06DdgFqBGAC+7ws1VVn1vXR59SWfCM1wm1K/Dr5msiMRQ=="
      },
      "NCalc.Parser": {
        "type": "Transitive",
        "resolved": "7.1.0",
        "contentHash": "I93ttSN4BVQ6nC9QB41ttjVTOVlNFRY/5UyGJLNvqiuLAVDW2YLONyyf0CVInI0zMKg6F7TIvaVhDMrtQQ32MA==",
        "dependencies": {
          "NCalc.Domain": "7.1.0",
          "Parlot": "1.5.8"
        }
      },
      "Npgsql": {
        "type": "Transitive",
        "resolved": "10.0.3",
        "contentHash": "7nb5YzXuvWWJxB0J8DiyL3we+X4FOctZrt0fIBnucOIaIevFEEwGQVZKtiu9olXdlNAK1eNgqSral6r/jlhI4w==",
        "dependencies": {
          "Microsoft.Extensions.Logging.Abstractions": "10.0.0"
        }
      },
      "Npgsql.DependencyInjection": {
        "type": "Transitive",
        "resolved": "10.0.2",
        "contentHash": "/Efri6iP5Z2kj3amM/WPMoa0pzOBaIM+C+uMXltaBMu2hVZciNluuK51Mn2FmWKhqwTcMZdwHYUfbm8LbKRJMQ==",
        "dependencies": {
          "Microsoft.Extensions.DependencyInjection.Abstractions": "8.0.0",
          "Npgsql": "10.0.2"
        }
      },
      "Npgsql.OpenTelemetry": {
        "type": "Transitive",
        "resolved": "10.0.2",
        "contentHash": "kjc+3DzqjaFk0L3cmR92emyJd7GAgwSiiyuzvumHFEp0EVp6GbrtdIe0jD8NANdPVqYM8prH9ND8GQsQAFXCKA==",
        "dependencies": {
          "Npgsql": "10.0.2",
          "OpenTelemetry.API": "1.14.0"
        }
      },
      "OpenTelemetry": {
        "type": "Transitive",
        "resolved": "1.15.3",
        "contentHash": "N0i6WjPoHPbZyms1ugbDIFAJFuGlpeExJMU/+XSL0lQRUkg/D0utFkDoLXf8Z1km5B+xVZ2GyMXXiX8qdeNmPg==",
        "dependencies": {
          "Microsoft.Extensions.Diagnostics.Abstractions": "10.0.0",
          "Microsoft.Extensions.Logging.Configuration": "10.0.0",
          "OpenTelemetry.Api.ProviderBuilderExtensions": "1.15.3"
        }
      },
      "OpenTelemetry.Api": {
        "type": "Transitive",
        "resolved": "1.15.3",
        "contentHash": "fX+fkCysfPut+qCcT3bKqyX4QN9Saf4CgX8HLOHywEVD+Xr7sULtfuypITpoDysjx8R59dn/3mWhgimMH8cm/g=="
      },
      "OpenTelemetry.Api.ProviderBuilderExtensions": {
        "type": "Transitive",
        "resolved": "1.15.3",
        "contentHash": "SYn0lqYDwLMWhv/zlNGsQcl2yX++yTumanX46bmOZE/ZDOd1WjPBO2kZaZgKLEZTZk48pavIFGJ6vOvxXgWVFQ==",
        "dependencies": {
          "Microsoft.Extensions.DependencyInjection.Abstractions": "10.0.0",
          "OpenTelemetry.Api": "1.15.3"
        }
      },
      "Parlot": {
        "type": "Transitive",
        "resolved": "1.5.8",
        "contentHash": "QBFNAMKQPRvBwrXOl6Gp24a2nbhzqJ5X4pe0I1g1RtR4SqoT2ThyE6RwFAOZLcWMQxzo8YC08VmHspPDeOLYWg=="
      },
      "Perfolizer": {
        "type": "Transitive",
        "resolved": "0.6.1",
        "contentHash": "CR1QmWg4XYBd1Pb7WseP+sDmV8nGPwvmowKynExTqr3OuckIGVMhvmN4LC5PGzfXqDlR295+hz/T7syA1CxEqA==",
        "dependencies": {
          "Pragmastat": "3.2.4"
        }
      },
      "Pgvector": {
        "type": "Transitive",
        "resolved": "0.3.2",
        "contentHash": "n7M5LuNejHUmtWky3zCbNO+tP1Gnjiuv9Qtu4LyvB1602dD8RiBxxCQp9jEjM0ZFDxAZF1oOWkNIkXw46KT00Q==",
        "dependencies": {
          "Npgsql": "8.0.5"
        }
      },
      "Pragmastat": {
        "type": "Transitive",
        "resolved": "3.2.4",
        "contentHash": "I5qFifWw/gaTQT52MhzjZpkm/JPlfjSeO/DTZJjO7+hTKI+0aGRgOgZ3NN6D96dDuuqbIAZSeA5RimtHjqrA2A=="
      },
      "System.ClientModel": {
        "type": "Transitive",
        "resolved": "1.14.0",
        "contentHash": "yhIJHDW3Hh5kcvhHv3ww1T8qvya06Nlwo/SR/rke4/fHXtyKiqQV/9b/VDhnVI7QUcMnpfvh4pIEFhNsTDLeKQ==",
        "dependencies": {
          "Microsoft.Extensions.Configuration.Abstractions": "10.0.3",
          "Microsoft.Extensions.Hosting.Abstractions": "10.0.3",
          "Microsoft.Extensions.Logging.Abstractions": "10.0.3",
          "System.Memory.Data": "10.0.3"
        }
      },
      "System.CodeDom": {
        "type": "Transitive",
        "resolved": "9.0.5",
        "contentHash": "cuzLM2MWutf9ZBEMPYYfd0DXwYdvntp7VCT6a/wvbKCa2ZuvGmW74xi+YBa2mrfEieAXqM4TNKlMmSnfAfpUoQ=="
      },
      "System.Management": {
        "type": "Transitive",
        "resolved": "9.0.5",
        "contentHash": "n6o9PZm9p25+zAzC3/48K0oHnaPKTInRrxqFq1fi/5TPbMLjuoCm/h//mS3cUmSy+9AO1Z+qsC/Ilt/ZFatv5Q==",
        "dependencies": {
          "System.CodeDom": "9.0.5"
        }
      },
      "System.Memory.Data": {
        "type": "Transitive",
        "resolved": "10.0.3",
        "contentHash": "MaGhRfGunmrj/nHjtsi9XkhlYJ/ERGWrbA+BiSKNtGnAjc9XlG5EhAvak6VRcX5LYzPF6pBO8nJ613dTgzabig=="
      },
      "System.Numerics.Tensors": {
        "type": "Transitive",
        "resolved": "10.0.10",
        "contentHash": "9Ildb4Y9maDztB0ZRGxsNShbpCQ2Tjv2dr4IjskBxpTGhH7aIz1+oC+Hl833ASs/htWwsH6myNe+sRpeyCzeMQ=="
      },
      "System.Reflection.TypeExtensions": {
        "type": "Transitive",
        "resolved": "4.7.0",
        "contentHash": "VybpaOQQhqE6siHppMktjfGBw1GCwvCqiufqmP8F1nj7fTUNtW35LOEt3UZTEsECfo+ELAl/9o9nJx3U91i7vA=="
      },
      "System.Security.Cryptography.Pkcs": {
        "type": "Transitive",
        "resolved": "10.0.0",
        "contentHash": "UPWqLSygJlFerRi9XNIuM0a1VC8gHUIufyP24xQ0sc+XimqUAEcjpOz9DhKpyDjH+5B/wO3RpC0KpkEeDj/ddg=="
      },
      "System.Threading.RateLimiting": {
        "type": "Transitive",
        "resolved": "8.0.0",
        "contentHash": "7mu9v0QDv66ar3DpGSZHg9NuNcxDaaAcnMULuZlaTpP9+hwXhrxNGsF5GmLkSHxFdb5bBc1TzeujsRgTrPWi+Q=="
      },
      "MailFathom.AI": {
        "type": "Project",
        "dependencies": {
          "Azure.Identity": "[1.21.0, )",
          "MailFathom.Application": "[0.8.0, )",
          "MailFathom.Domain": "[0.8.0, )",
          "Microsoft.Agents.AI": "[1.15.0, )",
          "Microsoft.Extensions.AI": "[10.8.1, )",
          "Microsoft.Extensions.AI.Abstractions": "[10.8.1, )",
          "Microsoft.Extensions.AI.OpenAI": "[10.8.1, )",
          "Microsoft.Extensions.Http.Resilience": "[10.6.0, )",
          "Microsoft.Extensions.Logging.Abstractions": "[10.0.10, )",
          "OpenAI": "[2.12.0, )"
        }
      },
      "MailFathom.Application": {
        "type": "Project",
        "dependencies": {
          "MailFathom.Domain": "[0.8.0, )"
        }
      },
      "MailFathom.Common": {
        "type": "Project",
        "dependencies": {
          "MailFathom.Domain": "[0.8.0, )"
        }
      },
      "MailFathom.Domain": {
        "type": "Project"
      },
      "MailFathom.Infrastructure": {
        "type": "Project",
        "dependencies": {
          "AWSSDK.Core": "[4.0.102, )",
          "AWSSDK.S3": "[4.0.102.3, )",
          "Aspire.Npgsql.EntityFrameworkCore.PostgreSQL": "[13.4.6, )",
          "BouncyCastle.Cryptography": "[2.6.2, )",
          "DnsClient": "[1.8.0, )",
          "HtmlSanitizer": "[9.1.974, )",
          "MailFathom.Application": "[0.8.0, )",
          "MailFathom.Common": "[0.8.0, )",
          "MailFathom.Domain": "[0.8.0, )",
          "MailKit": "[4.17.0, )",
          "Microsoft.EntityFrameworkCore": "[10.0.10, )",
          "Microsoft.EntityFrameworkCore.Relational": "[10.0.10, )",
          "Microsoft.Extensions.Hosting.Abstractions": "[10.0.10, )",
          "Microsoft.Extensions.Http.Resilience": "[10.6.0, )",
          "Microsoft.Extensions.Options.ConfigurationExtensions": "[10.0.10, )",
          "Microsoft.Extensions.Options.DataAnnotations": "[10.0.10, )",
          "Microsoft.Security.Utilities.Core": "[1.21.0, )",
          "MimeKit": "[4.17.0, )",
          "NCalc": "[7.1.0, )",
          "Npgsql.EntityFrameworkCore.PostgreSQL": "[10.0.3, )",
          "Pgvector.EntityFrameworkCore": "[0.3.0, )",
          "Polly.Core": "[8.7.0, )",
          "Polly.Extensions": "[8.7.0, )",
          "Polly.RateLimiting": "[8.7.0, )"
        }
      },
      "MailFathom.SyntheticMail": {
        "type": "Project",
        "dependencies": {
          "MailKit": "[4.17.0, )",
          "MimeKit": "[4.17.0, )",
          "System.CommandLine": "[2.0.10, )"
        }
      },
      "Aspire.Npgsql.EntityFrameworkCore.PostgreSQL": {
        "type": "CentralTransitive",
        "requested": "[13.4.6, )",
        "resolved": "13.4.6",
        "contentHash": "Lt92FuyX4JkKwrAgrOsVARpmk3U9vBGBq784ZEO3hR2vC74o8VS/VWBJHYrRBYTXapuj+mwwPzvcUICmbB43Zg==",
        "dependencies": {
          "Microsoft.Extensions.Caching.Memory": "10.0.8",
          "Microsoft.Extensions.Configuration.Abstractions": "10.0.8",
          "Microsoft.Extensions.Configuration.Binder": "10.0.8",
          "Microsoft.Extensions.DependencyInjection.Abstractions": "10.0.8",
          "Microsoft.Extensions.Diagnostics.HealthChecks": "10.0.8",
          "Microsoft.Extensions.Diagnostics.HealthChecks.EntityFrameworkCore": "10.0.8",
          "Microsoft.Extensions.Hosting.Abstractions": "10.0.8",
          "Microsoft.Extensions.Logging": "10.0.8",
          "Microsoft.Extensions.Logging.Abstractions": "10.0.8",
          "Microsoft.Extensions.Options": "10.0.8",
          "Microsoft.Extensions.Primitives": "10.0.8",
          "Npgsql.DependencyInjection": "10.0.2",
          "Npgsql.EntityFrameworkCore.PostgreSQL": "10.0.0",
          "Npgsql.OpenTelemetry": "10.0.2",
          "OpenTelemetry.Extensions.Hosting": "1.15.3"
        }
      },
      "AWSSDK.Core": {
        "type": "CentralTransitive",
        "requested": "[4.0.102, )",
        "resolved": "4.0.102",
        "contentHash": "sjkYreyNPlYTnAxdnqd3MBoeTNZHXOzV9lKULS5VAn+6MJIqu87aZLlm56KhDANOBXRxwDJIW668ZlsFhaB6Zw=="
      },
      "AWSSDK.S3": {
        "type": "CentralTransitive",
        "requested": "[4.0.102.3, )",
        "resolved": "4.0.102.3",
        "contentHash": "3UBPFahEW62lNqHutA94if/9YguOXswDkz+CMh8fo3qCl7PUdynwSEvE0rhHnRPok0rDkDEDpwddfk7h8Mg0gw==",
        "dependencies": {
          "AWSSDK.Core": "[4.0.102, 5.0.0)"
        }
      },
      "Azure.Identity": {
        "type": "CentralTransitive",
        "requested": "[1.21.0, )",
        "resolved": "1.21.0",
        "contentHash": "GeFv8sGwRKvDKwI2WFy8r0mhmlxEVZg24Sit2NogTjiSO8RVjllWM65OT6e1sKjOvG8V74y7hAbaELUUPjZQSw==",
        "dependencies": {
          "Azure.Core": "1.53.0"
        }
      },
      "BouncyCastle.Cryptography": {
        "type": "CentralTransitive",
        "requested": "[2.6.2, )",
        "resolved": "2.6.2",
        "contentHash": "7oWOcvnntmMKNzDLsdxAYqApt+AjpRpP2CShjMfIa3umZ42UQMvH0tl1qAliYPNYO6vTdcGMqnRrCPmsfzTI1w=="
      },
      "DnsClient": {
        "type": "CentralTransitive",
        "requested": "[1.8.0, )",
        "resolved": "1.8.0",
        "contentHash": "RRwtaCXkXWsx0mmsReGDqCbRLtItfUbkRJlet1FpdciVhyMGKcPd57T1+8Jki9ojHlq9fntVhXQroOOgRak8DQ=="
      },
      "HtmlSanitizer": {
        "type": "CentralTransitive",
        "requested": "[9.1.974, )",
        "resolved": "9.1.974",
        "contentHash": "aNhlO/5IatTdLCHcaNDhp2FPvf73+NxmhaUJ+bhdoA49aJ9qqLdPHkZ/1oRGk/jj2uUlftuc0ToLx84tb6Hjvw==",
        "dependencies": {
          "AngleSharp": "1.6.0",
          "AngleSharp.Css": "1.0.0"
        }
      },
      "MailKit": {
        "type": "CentralTransitive",
        "requested": "[4.17.0, )",
        "resolved": "4.17.0",
        "contentHash": "1nUAVLxM9fhT/78we6/AGsCesnpn5dRNLLeRqOfr52Wnk87pzVwo5YMTMyqnmoXrYc7piGhmayiMA/OgDluIjg==",
        "dependencies": {
          "MimeKit": "4.17.0"
        }
      },
      "Microsoft.Agents.AI": {
        "type": "CentralTransitive",
        "requested": "[1.15.0, )",
        "resolved": "1.15.0",
        "contentHash": "A+u2w2DNxm5vZ6KacRuyQpUsY/4+JO+zv75tWay0VdsxSrvpIgGXssvDldWFlHm+kGDNE7z7TrAWRXl3eeekFg==",
        "dependencies": {
          "Microsoft.Agents.AI.Abstractions": "1.15.0",
          "Microsoft.Extensions.AI": "10.6.0",
          "Microsoft.Extensions.AI.Abstractions": "10.6.0",
          "Microsoft.Extensions.AI.Evaluation": "10.6.0",
          "Microsoft.Extensions.Compliance.Abstractions": "10.5.0",
          "Microsoft.Extensions.DependencyInjection.Abstractions": "10.0.9",
          "Microsoft.Extensions.FileSystemGlobbing": "10.0.6",
          "Microsoft.Extensions.Logging.Abstractions": "10.0.9",
          "Microsoft.Extensions.VectorData.Abstractions": "9.7.0",
          "Microsoft.ML.Tokenizers": "2.0.0"
        }
      },
      "Microsoft.EntityFrameworkCore": {
        "type": "CentralTransitive",
        "requested": "[10.0.10, )",
        "resolved": "10.0.10",
        "contentHash": "a0V7zj/VbYP6dTdWpUgE/r2PuLKtUGe2aJ0lVKkn/wP9ZhaxUz2kQydVfvOjCv2SKxlrqdBfHhPD4Cvlf+4ffA==",
        "dependencies": {
          "Microsoft.EntityFrameworkCore.Abstractions": "10.0.10",
          "Microsoft.EntityFrameworkCore.Analyzers": "10.0.10",
          "Microsoft.Extensions.Caching.Memory": "10.0.10",
          "Microsoft.Extensions.Logging": "10.0.10"
        }
      },
      "Microsoft.EntityFrameworkCore.Relational": {
        "type": "CentralTransitive",
        "requested": "[10.0.10, )",
        "resolved": "10.0.10",
        "contentHash": "wNonj40aZxia+GtuBiiD6ZqVh4h6y5Nje1bGdmzZ8/ui0QRsAN+S0SIrLHFCEGbG9cDbeaE40sh+Lr7o9rRs6g==",
        "dependencies": {
          "Microsoft.EntityFrameworkCore": "10.0.10",
          "Microsoft.Extensions.Caching.Memory": "10.0.10",
          "Microsoft.Extensions.Configuration.Abstractions": "10.0.10",
          "Microsoft.Extensions.Logging": "10.0.10"
        }
      },
      "Microsoft.Extensions.AI": {
        "type": "CentralTransitive",
        "requested": "[10.8.1, )",
        "resolved": "10.8.1",
        "contentHash": "fWi4S6zS2W9kJfhfFZPps99o/hS82tjQC0DKFaoVn+kBvZ3zgdBxwphbXd5jMN/ONs86uolNbuYAfCmgjyulvw==",
        "dependencies": {
          "Microsoft.Extensions.AI.Abstractions": "10.8.1",
          "Microsoft.Extensions.Caching.Abstractions": "10.0.10",
          "Microsoft.Extensions.DependencyInjection.Abstractions": "10.0.10",
          "Microsoft.Extensions.Logging.Abstractions": "10.0.10",
          "System.Numerics.Tensors": "10.0.10"
        }
      },
      "Microsoft.Extensions.AI.Abstractions": {
        "type": "CentralTransitive",
        "requested": "[10.8.1, )",
        "resolved": "10.8.1",
        "contentHash": "dgFfXqIdC1up7q0emi58np/iJFZskNKSgs7rT3G94c0K5L18FH0Vjf9JMgCdlxPaNBuG4AJSCYESJd5WenY8Nw=="
      },
      "Microsoft.Extensions.AI.OpenAI": {
        "type": "CentralTransitive",
        "requested": "[10.8.1, )",
        "resolved": "10.8.1",
        "contentHash": "j+KqNPZE5dLuPN8LaOyQJsCYlikmieYne0oNMEtZ1VYuEn1noTzV1qNUdlFr6ilONt34py2cENbGfRtdV5a3cg==",
        "dependencies": {
          "Microsoft.Extensions.AI.Abstractions": "10.8.1",
          "OpenAI": "2.12.0"
        }
      },
      "Microsoft.Extensions.Configuration": {
        "type": "CentralTransitive",
        "requested": "[10.0.10, )",
        "resolved": "10.0.10",
        "contentHash": "plJWK2zpWuuyxI8F8s2scx6Je7N1Ajjs6HvYUGKwRnDMWIVIz9FHwAkiT7ASgrvAOd10T0FPVlh9BzAJJME+jg==",
        "dependencies": {
          "Microsoft.Extensions.Configuration.Abstractions": "10.0.10",
          "Microsoft.Extensions.Primitives": "10.0.10"
        }
      },
      "Microsoft.Extensions.Configuration.Binder": {
        "type": "CentralTransitive",
        "requested": "[10.0.10, )",
        "resolved": "10.0.10",
        "contentHash": "GqmN2o1CkJvk7uWp+p4CwBYW0w/zfoEbvsiFDbO2G8l1Uz+mrDAbAcZiXhU2lufKPby1cjAUdd5GTWpebYOkOA==",
        "dependencies": {
          "Microsoft.Extensions.Configuration": "10.0.10",
          "Microsoft.Extensions.Configuration.Abstractions": "10.0.10"
        }
      },
      "Microsoft.Extensions.Hosting.Abstractions": {
        "type": "CentralTransitive",
        "requested": "[10.0.10, )",
        "resolved": "10.0.10",
        "contentHash": "5LugpYGHk+mkn0a8IZgcyfBca8PCTAU9RQFoMrTdtOOidq88M2SI5f3px6ugnzgxC+eTkvYYJi8pzlUnG5xdAQ==",
        "dependencies": {
          "Microsoft.Extensions.Configuration.Abstractions": "10.0.10",
          "Microsoft.Extensions.DependencyInjection.Abstractions": "10.0.10",
          "Microsoft.Extensions.Diagnostics.Abstractions": "10.0.10",
          "Microsoft.Extensions.FileProviders.Abstractions": "10.0.10",
          "Microsoft.Extensions.Logging.Abstractions": "10.0.10"
        }
      },
      "Microsoft.Extensions.Http.Resilience": {
        "type": "CentralTransitive",
        "requested": "[10.6.0, )",
        "resolved": "10.6.0",
        "contentHash": "Diw9HdFABHx0EQTjfanXKuV6zSEyHEEH11ZGdsNxNf/3gsLEiBPXUximDG0EwYt1iIalH0JFlI1DXqpE4VjDpQ==",
        "dependencies": {
          "Microsoft.Extensions.Http.Diagnostics": "10.6.0",
          "Microsoft.Extensions.ObjectPool": "10.0.8",
          "Microsoft.Extensions.Resilience": "10.6.0"
        }
      },
      "Microsoft.Extensions.Logging.Abstractions": {
        "type": "CentralTransitive",
        "requested": "[10.0.10, )",
        "resolved": "10.0.10",
        "contentHash": "zkFxGYUvdxAvIKTyXHrmW+Sux53D4SezD9dMyZ6hrwwzPQJNuwCRy1f5W7AvYTqacEGhWF2XderRQG1OvbV8og==",
        "dependencies": {
          "Microsoft.Extensions.DependencyInjection.Abstractions": "10.0.10"
        }
      },
      "Microsoft.Extensions.Options.ConfigurationExtensions": {
        "type": "CentralTransitive",
        "requested": "[10.0.10, )",
        "resolved": "10.0.10",
        "contentHash": "tnBmu/LwF25ZQK+HBNCu2xrwnkKoB/XEbJyooGGoYxHrhvxbSKi7eOFiJ4AXBy/QU4vtCvCJfoi8k9Ej72qzOQ==",
        "dependencies": {
          "Microsoft.Extensions.Configuration.Abstractions": "10.0.10",
          "Microsoft.Extensions.Configuration.Binder": "10.0.10",
          "Microsoft.Extensions.DependencyInjection.Abstractions": "10.0.10",
          "Microsoft.Extensions.Options": "10.0.10",
          "Microsoft.Extensions.Primitives": "10.0.10"
        }
      },
      "Microsoft.Extensions.Options.DataAnnotations": {
        "type": "CentralTransitive",
        "requested": "[10.0.10, )",
        "resolved": "10.0.10",
        "contentHash": "I9YZfS0FpPIIhU6WJgMnmKAVd4R9yFR5ck4Q3GnTpErFJxxesyiK2tFia5V8Ja9K3+XvnzIipjqE7KEZ1LIvOQ==",
        "dependencies": {
          "Microsoft.Extensions.DependencyInjection.Abstractions": "10.0.10",
          "Microsoft.Extensions.Options": "10.0.10"
        }
      },
      "Microsoft.Security.Utilities.Core": {
        "type": "CentralTransitive",
        "requested": "[1.21.0, )",
        "resolved": "1.21.0",
        "contentHash": "mIHFRwByyMkceEQvFD4MJIYM/BI379U9bFr/N3+sc6lBjExJptgc6cNcZxhcDJY+4m22LlQvgzabzq/jUHCeAg=="
      },
      "NCalc": {
        "type": "CentralTransitive",
        "requested": "[7.1.0, )",
        "resolved": "7.1.0",
        "contentHash": "/Z8tzTKYvOIkGQHtKrd4zwvx8ZPqkBi7U5GbQ+LhGxqJd1LOM5R/xF/VIhRIcN9XLAy/RE5t2gN3YmDRNFBYHw==",
        "dependencies": {
          "NCalc.Core": "7.1.0"
        }
      },
      "Npgsql.EntityFrameworkCore.PostgreSQL": {
        "type": "CentralTransitive",
        "requested": "[10.0.3, )",
        "resolved": "10.0.3",
        "contentHash": "IPGrrZnRkuW7OlHDhUESZz4G5DLkW7Nej/O3Cx+0iTsgyU5XJxBgpsvTHLloo3WWuAKKbDHXBvWPVkX1deRh1Q==",
        "dependencies": {
          "Microsoft.EntityFrameworkCore": "[10.0.4, 11.0.0)",
          "Microsoft.EntityFrameworkCore.Relational": "[10.0.4, 11.0.0)",
          "Npgsql": "10.0.3"
        }
      },
      "OpenAI": {
        "type": "CentralTransitive",
        "requested": "[2.12.0, )",
        "resolved": "2.12.0",
        "contentHash": "rKyVV0sJPo7pn0Ya5dgRs5ggGbjvnKcYSvYV2jITKgFIfeo2XHjgyi6UqNT/OnF0YBqjsNpPdgM6QjzYczWplg==",
        "dependencies": {
          "System.ClientModel": "1.14.0"
        }
      },
      "OpenTelemetry.Extensions.Hosting": {
        "type": "CentralTransitive",
        "requested": "[1.15.3, )",
        "resolved": "1.15.3",
        "contentHash": "u8n/W8yIlqv0BXZmvId1iVaeWXG42tGKdTkuLYg5g57Y/r9CeUNzqtrSHNdG5IoO8iPX79w3v+WsbAHgUQbfeg==",
        "dependencies": {
          "Microsoft.Extensions.Hosting.Abstractions": "10.0.0",
          "OpenTelemetry": "1.15.3"
        }
      },
      "Pgvector.EntityFrameworkCore": {
        "type": "CentralTransitive",
        "requested": "[0.3.0, )",
        "resolved": "0.3.0",
        "contentHash": "HVMcglKLOg979w67k8DOvKO+xJvfBHv/GcAgv/fI8alK8zp9oIYJUYP9BSV6n6+3GwkfynAJ77euwow4/c7HoA==",
        "dependencies": {
          "Npgsql.EntityFrameworkCore.PostgreSQL": "9.0.1",
          "Pgvector": "0.3.2"
        }
      },
      "Polly.Core": {
        "type": "CentralTransitive",
        "requested": "[8.7.0, )",
        "resolved": "8.7.0",
        "contentHash": "BS2t+nsBer16PIebCEPNBK5fgMisADQyRCd7K+BgkMWpFmSaiYE+rVVNpFhGRqUkJmNSLmw0uCNzHHWfgml28Q=="
      },
      "Polly.Extensions": {
        "type": "CentralTransitive",
        "requested": "[8.7.0, )",
        "resolved": "8.7.0",
        "contentHash": "qWLAolrrRkkmDRhQTWZRAxUWxoCmOvcTeFAb8DLEr/nroroq7zypWYvefX9W8h+gGIxRphB+DS0bXOohK8/rpA==",
        "dependencies": {
          "Microsoft.Extensions.Logging.Abstractions": "8.0.0",
          "Microsoft.Extensions.Options": "8.0.0",
          "Polly.Core": "8.7.0"
        }
      },
      "Polly.RateLimiting": {
        "type": "CentralTransitive",
        "requested": "[8.7.0, )",
        "resolved": "8.7.0",
        "contentHash": "PjbRSHNc0nCKYW26tXRuvj6gNny4HJOa2MHm5cZocyULYaNoGXnl5Q8Q1qKZB25d82E95B5pFvL2Kz6Yjh27GA==",
        "dependencies": {
          "Polly.Core": "8.7.0",
          "System.Threading.RateLimiting": "8.0.0"
        }
      },
      "System.CommandLine": {
        "type": "CentralTransitive",
        "requested": "[2.0.10, )",
        "resolved": "2.0.10",
        "contentHash": "6i1D6/U3i1f/PiXTt9pDvbJwdXEe0F2DZPup6BHzeIu5yPk/lkFzgtrJnPbj54JWUh8Y9vJeKG/TZIT6MkF8TA=="
      },
      "System.Security.Cryptography.ProtectedData": {
        "type": "CentralTransitive",
        "requested": "[10.0.10, )",
        "resolved": "4.5.0",
        "contentHash": "wLBKzFnDCxP12VL9ANydSYhk59fC4cvOr9ypYQLPnAj48NQIhqnjdD2yhP8yEKyBJEjERWS9DisKL7rX5eU25Q=="
      }
    }
  }
}