{
  "version": 2,
  "dependencies": {
    "net10.0": {
      "coverlet.MTP": {
        "type": "Direct",
        "requested": "[10.0.1, )",
        "resolved": "10.0.1",
        "contentHash": "VR4/Y0Arr8cdIKhYE5dZCI2XU1ShCHZEAgm+LjokTThl1vzy9scqq8NDLETok5AchMTtsUQqcAU81N1cgHUclg==",
        "dependencies": {
          "Microsoft.Extensions.Configuration": "10.0.8",
          "Microsoft.Extensions.Configuration.Json": "10.0.8",
          "Microsoft.Extensions.DependencyInjection": "10.0.8",
          "Microsoft.Testing.Platform": "2.2.2"
        }
      },
      "Microsoft.CodeAnalysis.BannedApiAnalyzers": {
        "type": "Direct",
        "requested": "[5.6.0, )",
        "resolved": "5.6.0",
        "contentHash": "Kcobt3pnOdO0A+6CKiMHZdTEluJpsfxiV20axtZdmfBQnDmiWTKPJADlgAfdTuKNAnVarrkJa0UEGwuOo91muw=="
      },
      "Microsoft.CodeAnalysis.NetAnalyzers": {
        "type": "Direct",
        "requested": "[10.0.302, )",
        "resolved": "10.0.302",
        "contentHash": "mbJSf5EOYkgnPQ0jO0qo4AByQYDGbBZDs0+23xdkK2ckuvYJGlPT1nPR0WCSnzwXdiVypOTZ4ArcT4H/X/f1mQ=="
      },
      "Roslynator.Analyzers": {
        "type": "Direct",
        "requested": "[4.13.1, )",
        "resolved": "4.13.1",
        "contentHash": "KZpLy6ZlCebMk+d/3I5KU2R7AOb4LNJ6tPJqPtvFXmO8bEBHQvCIAvJOnY2tu4C9/aVOROTDYUFADxFqw1gh/g=="
      },
      "Roslynator.Formatting.Analyzers": {
        "type": "Direct",
        "requested": "[4.13.1, )",
        "resolved": "4.13.1",
        "contentHash": "V9gCt0T1Tnu+jMWJDLiUV/vOTmGzmofEdVeUPKPdh8MJW7f3kkhFXSeDotwl8Ob88OxrBf+4LrV/D7OA4tAluA=="
      },
      "xunit.analyzers": {
        "type": "Direct",
        "requested": "[1.27.0, )",
        "resolved": "1.27.0",
        "contentHash": "y/pxIQaLvk/kxAoDkZW9GnHLCEqzwl5TW0vtX3pweyQpjizB9y3DXhb9pkw2dGeUqhLjsxvvJM1k89JowU6z3g=="
      },
      "xunit.v3.mtp-v2": {
        "type": "Direct",
        "requested": "[3.2.2, )",
        "resolved": "3.2.2",
        "contentHash": "S0LJpeMIMrmbVLXDCvPVX47OLk28qBYfGU+5SNCbarOEdw8oKLfiVqaACwuYRvLiOqDEB/+VJ8gTSB1ZwheoOQ==",
        "dependencies": {
          "xunit.analyzers": "1.27.0",
          "xunit.v3.assert": "[3.2.2]",
          "xunit.v3.core.mtp-v2": "[3.2.2]"
        }
      },
      "CommonServiceLocator": {
        "type": "Transitive",
        "resolved": "2.0.5",
        "contentHash": "Md2q9f6hAuUAm6IWTybQbYvxhDAs2dqmsudVDghpg0Q+C0M2KkmiTDjeGx1PsYhnZPvp+hy1Cx99v0VPW9W6/g=="
      },
      "CommunityToolkit.Mvvm": {
        "type": "Transitive",
        "resolved": "8.4.2",
        "contentHash": "WadCzGEc2U+3e20avRLng4qNtt4zoOGWrdUISqJWrHe3/FSnrYjuM5Sb4yQb09LhkBXrrI4Zt3dLKgRMbItsrg=="
      },
      "Microsoft.ApplicationInsights": {
        "type": "Transitive",
        "resolved": "2.23.0",
        "contentHash": "nWArUZTdU7iqZLycLKWe0TDms48KKGE6pONH2terYNa8REXiqixrMOkf1sk5DHGMaUTqONU2YkS4SAXBhLStgw=="
      },
      "Microsoft.Bcl.AsyncInterfaces": {
        "type": "Transitive",
        "resolved": "8.0.0",
        "contentHash": "3WA9q9yVqJp222P3x1wYIGDAkpjAku0TMUaaQV22g6L67AI0LdOIrVS7Ht2vJfLHGSPVuqN94vIr15qn+HEkHw=="
      },
      "Microsoft.Extensions.Configuration": {
        "type": "Transitive",
        "resolved": "10.0.10",
        "contentHash": "plJWK2zpWuuyxI8F8s2scx6Je7N1Ajjs6HvYUGKwRnDMWIVIz9FHwAkiT7ASgrvAOd10T0FPVlh9BzAJJME+jg==",
        "dependencies": {
          "Microsoft.Extensions.Configuration.Abstractions": "10.0.10",
          "Microsoft.Extensions.Primitives": "10.0.10"
        }
      },
      "Microsoft.Extensions.Configuration.Abstractions": {
        "type": "Transitive",
        "resolved": "10.0.10",
        "contentHash": "5Vnd2I75DmZCVEjSynIdJ/0EGafgnLQwgR3t2C2/fkjx/nRG+cLwxLLdInoHeCEpkD5K4Ov/g9ZCRYrl4TRsaA==",
        "dependencies": {
          "Microsoft.Extensions.Primitives": "10.0.10"
        }
      },
      "Microsoft.Extensions.Configuration.Binder": {
        "type": "Transitive",
        "resolved": "10.0.10",
        "contentHash": "GqmN2o1CkJvk7uWp+p4CwBYW0w/zfoEbvsiFDbO2G8l1Uz+mrDAbAcZiXhU2lufKPby1cjAUdd5GTWpebYOkOA==",
        "dependencies": {
          "Microsoft.Extensions.Configuration": "10.0.10",
          "Microsoft.Extensions.Configuration.Abstractions": "10.0.10"
        }
      },
      "Microsoft.Extensions.Configuration.CommandLine": {
        "type": "Transitive",
        "resolved": "9.0.14",
        "contentHash": "QnhXHOSHHLbyTwXFol3ViXMoGigY3a9okHxdJwB+4LYwwyKZ9KHTwwAXuxqTLrXREdYXbjRWCw8LQQ4NL65LqA==",
        "dependencies": {
          "Microsoft.Extensions.Configuration": "9.0.14",
          "Microsoft.Extensions.Configuration.Abstractions": "9.0.14"
        }
      },
      "Microsoft.Extensions.Configuration.EnvironmentVariables": {
        "type": "Transitive",
        "resolved": "9.0.14",
        "contentHash": "4llj1N/mlNJLQj1iLcUx2E1tE3am2+qLOkvVrhrtaN1AEZnUGVPKN88vE9AaqLa5CozK5dne1BUJoqBOojrZBA==",
        "dependencies": {
          "Microsoft.Extensions.Configuration": "9.0.14",
          "Microsoft.Extensions.Configuration.Abstractions": "9.0.14"
        }
      },
      "Microsoft.Extensions.Configuration.FileExtensions": {
        "type": "Transitive",
        "resolved": "10.0.8",
        "contentHash": "1g9mzuu8gIHkjYb0jLxOTQVl/QDG5nn0b0JzgT/gbgNKr6gXZzxOHRAsdYRc1eDApB7LdHR8uK5vQrNjIQdRrQ==",
        "dependencies": {
          "Microsoft.Extensions.Configuration": "10.0.8",
          "Microsoft.Extensions.Configuration.Abstractions": "10.0.8",
          "Microsoft.Extensions.FileProviders.Abstractions": "10.0.8",
          "Microsoft.Extensions.FileProviders.Physical": "10.0.8",
          "Microsoft.Extensions.Primitives": "10.0.8"
        }
      },
      "Microsoft.Extensions.Configuration.Json": {
        "type": "Transitive",
        "resolved": "10.0.8",
        "contentHash": "KLtAZ6A38s1pIfCO2ns6aG14NNGMYNZ4PBYfFK4M+R4A+xuSc6oklhqDcpHZxvDpyBWeFtR5C8iQBw2ng8tUHQ==",
        "dependencies": {
          "Microsoft.Extensions.Configuration": "10.0.8",
          "Microsoft.Extensions.Configuration.Abstractions": "10.0.8",
          "Microsoft.Extensions.Configuration.FileExtensions": "10.0.8",
          "Microsoft.Extensions.FileProviders.Abstractions": "10.0.8"
        }
      },
      "Microsoft.Extensions.Configuration.UserSecrets": {
        "type": "Transitive",
        "resolved": "9.0.14",
        "contentHash": "UOJO0d5wqnNZMssMjGa5rAPkv7MUTCx/m9FHqJ8cosopreMolQ35m0sAJNupDf/4yBQH5D12KzfJDsfZ+uuNYw==",
        "dependencies": {
          "Microsoft.Extensions.Configuration.Abstractions": "9.0.14",
          "Microsoft.Extensions.Configuration.Json": "9.0.14",
          "Microsoft.Extensions.FileProviders.Abstractions": "9.0.14",
          "Microsoft.Extensions.FileProviders.Physical": "9.0.14"
        }
      },
      "Microsoft.Extensions.DependencyInjection": {
        "type": "Transitive",
        "resolved": "10.0.10",
        "contentHash": "ANyvsgkNBRvcJh2XLgn8veGmajf+8m0AbKK+HPWdRL1yraSNVVSmQhFntLtdz/C795jxqqup+k05cs/3jZQPOA==",
        "dependencies": {
          "Microsoft.Extensions.DependencyInjection.Abstractions": "10.0.10"
        }
      },
      "Microsoft.Extensions.DependencyInjection.Abstractions": {
        "type": "Transitive",
        "resolved": "10.0.10",
        "contentHash": "z/2xXlFw2aLGjHyEm6E0tQ+In6VfzQzTrtArbQ2c0TQE16ZbyDCMGPvaUT9I0s8rgy9sRWlU2P9waW37qV04qA=="
      },
      "Microsoft.Extensions.Diagnostics": {
        "type": "Transitive",
        "resolved": "10.0.10",
        "contentHash": "Kr/e7lUf4+N8tacbqJ2Ctwe/HarKdAc9ZkgKVVqvtJDBKbez+T/KnUwu82KSlnBp/SrpBcxc7u7xkE2oUZT/5Q==",
        "dependencies": {
          "Microsoft.Extensions.Configuration": "10.0.10",
          "Microsoft.Extensions.Diagnostics.Abstractions": "10.0.10",
          "Microsoft.Extensions.Options.ConfigurationExtensions": "10.0.10"
        }
      },
      "Microsoft.Extensions.Diagnostics.Abstractions": {
        "type": "Transitive",
        "resolved": "10.0.10",
        "contentHash": "9uWiKpeOVac355STyChWR/pliFX/5CeLqChW9kKsaxyDH4EUTZxMkT4Jwp/J/peLm0GBFmSX5c0WCse3yCnq1Q==",
        "dependencies": {
          "Microsoft.Extensions.DependencyInjection.Abstractions": "10.0.10",
          "Microsoft.Extensions.Options": "10.0.10"
        }
      },
      "Microsoft.Extensions.FileProviders.Abstractions": {
        "type": "Transitive",
        "resolved": "10.0.8",
        "contentHash": "U+oquaPxFdY8lYeEIWO/AD7jDIl9sPW6aVWMQRHU/pZ/SWpLcOrAj2fcLe1HwXl4sYw1ONI56K/eELT3xr4RRQ==",
        "dependencies": {
          "Microsoft.Extensions.Primitives": "10.0.8"
        }
      },
      "Microsoft.Extensions.FileProviders.Physical": {
        "type": "Transitive",
        "resolved": "10.0.8",
        "contentHash": "GkPvQe6IdidLu6Q3Lw6+B8NJpW8feW8czZ5mBKt5rXM/x8MvZfEp5WvAsjznzDGd23chIDrW0b2mmt+ScnEgiw==",
        "dependencies": {
          "Microsoft.Extensions.FileProviders.Abstractions": "10.0.8",
          "Microsoft.Extensions.FileSystemGlobbing": "10.0.8",
          "Microsoft.Extensions.Primitives": "10.0.8"
        }
      },
      "Microsoft.Extensions.FileSystemGlobbing": {
        "type": "Transitive",
        "resolved": "10.0.8",
        "contentHash": "IUQet3SY51xIFcFZKtAB6a54/Zdxs7T3SQ84kJtOD6yeXfZgiOMksACWD5qtTmXGQGFH4QYGBOT0KIO8Uy/dJw=="
      },
      "Microsoft.Extensions.Hosting": {
        "type": "Transitive",
        "resolved": "9.0.14",
        "contentHash": "LbdbRls0LcTwF39hcCg6NG2MMezFKMRAjLRfnTbPCaAwcdvD9Dh3ILD/fQ69bUA1Il4P2r0j9nPlxpwRPY2ncQ==",
        "dependencies": {
          "Microsoft.Extensions.Configuration": "9.0.14",
          "Microsoft.Extensions.Configuration.Abstractions": "9.0.14",
          "Microsoft.Extensions.Configuration.Binder": "9.0.14",
          "Microsoft.Extensions.Configuration.CommandLine": "9.0.14",
          "Microsoft.Extensions.Configuration.EnvironmentVariables": "9.0.14",
          "Microsoft.Extensions.Configuration.FileExtensions": "9.0.14",
          "Microsoft.Extensions.Configuration.Json": "9.0.14",
          "Microsoft.Extensions.Configuration.UserSecrets": "9.0.14",
          "Microsoft.Extensions.DependencyInjection": "9.0.14",
          "Microsoft.Extensions.DependencyInjection.Abstractions": "9.0.14",
          "Microsoft.Extensions.Diagnostics": "9.0.14",
          "Microsoft.Extensions.FileProviders.Abstractions": "9.0.14",
          "Microsoft.Extensions.FileProviders.Physical": "9.0.14",
          "Microsoft.Extensions.Hosting.Abstractions": "9.0.14",
          "Microsoft.Extensions.Logging": "9.0.14",
          "Microsoft.Extensions.Logging.Abstractions": "9.0.14",
          "Microsoft.Extensions.Logging.Configuration": "9.0.14",
          "Microsoft.Extensions.Logging.Console": "9.0.14",
          "Microsoft.Extensions.Logging.Debug": "9.0.14",
          "Microsoft.Extensions.Logging.EventLog": "9.0.14",
          "Microsoft.Extensions.Logging.EventSource": "9.0.14",
          "Microsoft.Extensions.Options": "9.0.14"
        }
      },
      "Microsoft.Extensions.Hosting.Abstractions": {
        "type": "Transitive",
        "resolved": "9.0.14",
        "contentHash": "OYqHzVwHZ1u43vFkO6WQk8olZ/G+Lzrcbv+6h0ufJNfOA2NSLuyhDT0k9paaViBxvKEbOU2L+s2zLcprtZGDvA==",
        "dependencies": {
          "Microsoft.Extensions.Configuration.Abstractions": "9.0.14",
          "Microsoft.Extensions.DependencyInjection.Abstractions": "9.0.14",
          "Microsoft.Extensions.Diagnostics.Abstractions": "9.0.14",
          "Microsoft.Extensions.FileProviders.Abstractions": "9.0.14",
          "Microsoft.Extensions.Logging.Abstractions": "9.0.14"
        }
      },
      "Microsoft.Extensions.Localization.Abstractions": {
        "type": "Transitive",
        "resolved": "9.0.14",
        "contentHash": "24yzamNQaOT0xrNbfMSTFhlk5iODunuyELKVj+UM/MaTFiHJ7fustQJIC5dU0eycs/g7XP/cEmjkzgg6hDEa9Q=="
      },
      "Microsoft.Extensions.Logging": {
        "type": "Transitive",
        "resolved": "10.0.10",
        "contentHash": "Tf6z5HsL0VDYRTfvsoNrTGHGheCwkTsZBA2FFh5ATJUbkAwug+FFNISJK2gjpUNemlAOoWllAK52HOWCjto3EQ==",
        "dependencies": {
          "Microsoft.Extensions.DependencyInjection": "10.0.10",
          "Microsoft.Extensions.Logging.Abstractions": "10.0.10",
          "Microsoft.Extensions.Options": "10.0.10"
        }
      },
      "Microsoft.Extensions.Logging.Abstractions": {
        "type": "Transitive",
        "resolved": "10.0.10",
        "contentHash": "zkFxGYUvdxAvIKTyXHrmW+Sux53D4SezD9dMyZ6hrwwzPQJNuwCRy1f5W7AvYTqacEGhWF2XderRQG1OvbV8og==",
        "dependencies": {
          "Microsoft.Extensions.DependencyInjection.Abstractions": "10.0.10"
        }
      },
      "Microsoft.Extensions.Logging.Configuration": {
        "type": "Transitive",
        "resolved": "10.0.10",
        "contentHash": "cLrqxkuEfcilZ8SjK+9KAnpLk9lOoMPaOokF+wRUYie+iUEcdX4/p/+gJkt0BYgWLthjpBUCkVTBI6Kxg0nsOw==",
        "dependencies": {
          "Microsoft.Extensions.Configuration": "10.0.10",
          "Microsoft.Extensions.Configuration.Abstractions": "10.0.10",
          "Microsoft.Extensions.Configuration.Binder": "10.0.10",
          "Microsoft.Extensions.DependencyInjection.Abstractions": "10.0.10",
          "Microsoft.Extensions.Logging": "10.0.10",
          "Microsoft.Extensions.Logging.Abstractions": "10.0.10",
          "Microsoft.Extensions.Options": "10.0.10",
          "Microsoft.Extensions.Options.ConfigurationExtensions": "10.0.10"
        }
      },
      "Microsoft.Extensions.Logging.Console": {
        "type": "Transitive",
        "resolved": "10.0.10",
        "contentHash": "VIlNzPwPS0GeQVSmCqqo36ugryX3LpE9ul6gEkks5VLET3weH/XMLeWmclwfoGn4Nxi2mwVibB+OZBVJ9tDqvg==",
        "dependencies": {
          "Microsoft.Extensions.DependencyInjection.Abstractions": "10.0.10",
          "Microsoft.Extensions.Logging": "10.0.10",
          "Microsoft.Extensions.Logging.Abstractions": "10.0.10",
          "Microsoft.Extensions.Logging.Configuration": "10.0.10",
          "Microsoft.Extensions.Options": "10.0.10"
        }
      },
      "Microsoft.Extensions.Logging.Debug": {
        "type": "Transitive",
        "resolved": "9.0.14",
        "contentHash": "Brw5bNbJG1JykuXlkJ0B/JxPHxrhlz9wY9iN8YoBFTYcKIUKkxdNk/ntWC7A1EnsRZ2ZpndxBT0NHW68Q3iwKw==",
        "dependencies": {
          "Microsoft.Extensions.DependencyInjection.Abstractions": "9.0.14",
          "Microsoft.Extensions.Logging": "9.0.14",
          "Microsoft.Extensions.Logging.Abstractions": "9.0.14"
        }
      },
      "Microsoft.Extensions.Logging.EventLog": {
        "type": "Transitive",
        "resolved": "9.0.14",
        "contentHash": "MFJ0hijS3lqgNMch11dPgd4ua1KOC5yiKqFFyDITVV7iGoaB6GBHS8c6kF4z3bQpT6gk1+fDwcLV2Won8m4a+w==",
        "dependencies": {
          "Microsoft.Extensions.DependencyInjection.Abstractions": "9.0.14",
          "Microsoft.Extensions.Logging": "9.0.14",
          "Microsoft.Extensions.Logging.Abstractions": "9.0.14",
          "Microsoft.Extensions.Options": "9.0.14",
          "System.Diagnostics.EventLog": "9.0.14"
        }
      },
      "Microsoft.Extensions.Logging.EventSource": {
        "type": "Transitive",
        "resolved": "9.0.14",
        "contentHash": "EVFY61lT5r7/ffEKWwn5AGb4OQYoc1c6it/gzo3o8PIyJ+T3Ux6bb4rkCoyMMEzUvN/9EbuJg9o+B2aTeFlzgA==",
        "dependencies": {
          "Microsoft.Extensions.DependencyInjection.Abstractions": "9.0.14",
          "Microsoft.Extensions.Logging": "9.0.14",
          "Microsoft.Extensions.Logging.Abstractions": "9.0.14",
          "Microsoft.Extensions.Options": "9.0.14",
          "Microsoft.Extensions.Primitives": "9.0.14"
        }
      },
      "Microsoft.Extensions.Options": {
        "type": "Transitive",
        "resolved": "10.0.10",
        "contentHash": "srnhnk7nE8krBiIXp71LvBmKBtraBONWSRzdjJgRv1Ko9Mp8IVNqv4vIS9hGeVteBig8aQkva9ZG+sC+o5sVcA==",
        "dependencies": {
          "Microsoft.Extensions.DependencyInjection.Abstractions": "10.0.10",
          "Microsoft.Extensions.Primitives": "10.0.10"
        }
      },
      "Microsoft.Extensions.Options.ConfigurationExtensions": {
        "type": "Transitive",
        "resolved": "10.0.10",
        "contentHash": "tnBmu/LwF25ZQK+HBNCu2xrwnkKoB/XEbJyooGGoYxHrhvxbSKi7eOFiJ4AXBy/QU4vtCvCJfoi8k9Ej72qzOQ==",
        "dependencies": {
          "Microsoft.Extensions.Configuration.Abstractions": "10.0.10",
          "Microsoft.Extensions.Configuration.Binder": "10.0.10",
          "Microsoft.Extensions.DependencyInjection.Abstractions": "10.0.10",
          "Microsoft.Extensions.Options": "10.0.10",
          "Microsoft.Extensions.Primitives": "10.0.10"
        }
      },
      "Microsoft.Extensions.Primitives": {
        "type": "Transitive",
        "resolved": "10.0.10",
        "contentHash": "5wu/GrYVd8mG2DVUw3vFJzF+O336TyTGg/Kmcgw9bfwYhCoFiV5lR5QeEmKecJyrW4W54nMfD3p3589E8a7czQ=="
      },
      "Microsoft.Testing.Extensions.Telemetry": {
        "type": "Transitive",
        "resolved": "2.0.2",
        "contentHash": "H580BvHyuADoWzlH9zRk5fqVyGucm6mhph+k40CQc9O4ie+Buxa4Pk9Q92BEClqIICqi25J7fuMII9qFYYgKtw==",
        "dependencies": {
          "Microsoft.ApplicationInsights": "2.23.0",
          "Microsoft.Testing.Platform": "2.0.2"
        }
      },
      "Microsoft.Testing.Extensions.TrxReport.Abstractions": {
        "type": "Transitive",
        "resolved": "2.0.2",
        "contentHash": "MrHYdPZ1CiyYp5bfjzNSghfVwl/I9osMazcZMAbwZY0BhR32i70YLf4zSXECvU2qt2PvDdrjYpGRgBscFbjDpw==",
        "dependencies": {
          "Microsoft.Testing.Platform": "2.0.2"
        }
      },
      "Microsoft.Testing.Platform": {
        "type": "Transitive",
        "resolved": "2.2.2",
        "contentHash": "9mUsTOri0aVqBX7/EJwqVJxVwdOzGUVJqK1H2EMfIl9xxJuSdqhfAlJbukl/iNugvi4+cmQs/LI8PLTDUT9P1A=="
      },
      "Microsoft.Testing.Platform.MSBuild": {
        "type": "Transitive",
        "resolved": "2.0.2",
        "contentHash": "2zKkQKaUoaKgb/3AekboWOdLMh4upCo1nLWQnjGzp8r9YjiNOZRrzTsJQ3A4U03AcbH0evlIvFDKYSUqmTVuug==",
        "dependencies": {
          "Microsoft.Testing.Platform": "2.0.2"
        }
      },
      "Microsoft.Win32.Registry": {
        "type": "Transitive",
        "resolved": "5.0.0",
        "contentHash": "dDoKi0PnDz31yAyETfRntsLArTlVAVzUzCIvvEDsDsucrl33Dl8pIJG06ePTJTI3tGpeyHS9Cq7Foc/s4EeKcg=="
      },
      "Newtonsoft.Json": {
        "type": "Transitive",
        "resolved": "13.0.3",
        "contentHash": "HrC5BXdl00IP9zeV+0Z848QWPAoCr9P3bDEZguI+gkLcBKAOxix/tLEAAHC+UvDNPv4a2d18lOReHMOagPa+zQ=="
      },
      "SkiaSharp": {
        "type": "Transitive",
        "resolved": "3.119.2",
        "contentHash": "nmy2dOFWPvQKMglfpjz8+/xQQcSrL9jzul3cUyzCJVSwrmSAw+6B1sEgU7jt6NZBptwGq2k/V0kjyu2GizMFtg==",
        "dependencies": {
          "SkiaSharp.NativeAssets.Win32": "3.119.2",
          "SkiaSharp.NativeAssets.macOS": "3.119.2"
        }
      },
      "SkiaSharp.NativeAssets.macOS": {
        "type": "Transitive",
        "resolved": "3.119.2",
        "contentHash": "I2jMGQ/26KOnc6iAoR+Mxh9vSJJ2vioJyj9aJ9OL5yEZyXothXJxf4vBMqnSaiXMqiiU1scG7KqtT0CLkmMmWA=="
      },
      "SkiaSharp.NativeAssets.WebAssembly": {
        "type": "Transitive",
        "resolved": "3.119.2",
        "contentHash": "MfhqWzQxd/VdPRTjDcPYnTImDauGq2ZO7yRxMWI7MClrkMs0bI5+EGLRH3kjFIMsH79AGVCa7HPdzfXfogfaKQ=="
      },
      "SkiaSharp.NativeAssets.Win32": {
        "type": "Transitive",
        "resolved": "3.119.2",
        "contentHash": "uYe+da6+GXVgPKkCopzvIZ83DmC8SXXKeUAPrNcztJNsg0SjPQAxfKMOPZqmVjbzznrq/QUIjLUlJSZV/e0IPA=="
      },
      "SkiaSharp.Resources": {
        "type": "Transitive",
        "resolved": "3.119.2",
        "contentHash": "pEJEniUrz2qf5tNurl7yzsONvRSiMqtLHEl6LdqlZeZWCb7UkG6X7BSBqvSJDARX6LIVAdohvzVHE5uL0jC37A==",
        "dependencies": {
          "SkiaSharp": "3.119.2"
        }
      },
      "SkiaSharp.SceneGraph": {
        "type": "Transitive",
        "resolved": "3.119.2",
        "contentHash": "t8N4uqG5wnNjfQ/YY5nQ0LVUH5IGesQTct1Inum8najigsnu+WyGTNPd25ocQcWCaVxzA3q1srNqPL453vXSnw==",
        "dependencies": {
          "SkiaSharp": "3.119.2"
        }
      },
      "SkiaSharp.Skottie": {
        "type": "Transitive",
        "resolved": "3.119.2",
        "contentHash": "fcI/yU302GxTrkgaqI914fp8wvrasHMEfYir6kU7ATr6RQx0Cf1vTaTZDuV18OeaqLPQJ75Y/HsMktnMY2N+lg==",
        "dependencies": {
          "SkiaSharp": "3.119.2",
          "SkiaSharp.Resources": "3.119.2",
          "SkiaSharp.SceneGraph": "3.119.2"
        }
      },
      "SkiaSharp.Views.Uno.WinUI": {
        "type": "Transitive",
        "resolved": "3.119.2",
        "contentHash": "hkKtnfEcGZfEL1YUeshuwGbQnGbbHuxKH0Y7hfC2N5z1TWRpALPr0TPF2v/hD4/MDg57dIeYPsKaDr8PqzWBSQ==",
        "dependencies": {
          "SkiaSharp": "3.119.2",
          "SkiaSharp.NativeAssets.WebAssembly": "3.119.2",
          "Uno.WinUI": "5.2.175"
        }
      },
      "System.Diagnostics.EventLog": {
        "type": "Transitive",
        "resolved": "9.0.14",
        "contentHash": "65Z5r1XOAN4dqohIoWSDf+9iq3V1xVRdpS03LMvnRdlrEH+zAJ80PFbvqaRXtgG6VbQZTnCB2zqJP9Q/RjaQsw=="
      },
      "System.Json": {
        "type": "Transitive",
        "resolved": "4.7.1",
        "contentHash": "XymImdgljgVEkd9trFSKWlNJac1Hr+L9lwFLQSUUQfFMkm88AHI6DINAMhpoiUWQIPLIqEjR702eydUb4Qb3Ng=="
      },
      "System.Linq.Async": {
        "type": "Transitive",
        "resolved": "4.0.0",
        "contentHash": "WbiYEedFZeM+psmMyoCt1AKbZppAZg8Eq1ZTQ+521fGNeXqlgJj0tZYV5n1LsKRO5osQuitYxGNuzPTy3213sg=="
      },
      "Uno.Core.Extensions": {
        "type": "Transitive",
        "resolved": "4.1.1",
        "contentHash": "2IFxilOCmozAJ+zLHZAONWjOBi3i8Nr5ndAsTjbB6enG9NkrYC/lv8/GF6c5Sj3e0TmRSLXWjutEZGHwLxj3pg=="
      },
      "Uno.Core.Extensions.Collections": {
        "type": "Transitive",
        "resolved": "4.1.1",
        "contentHash": "ZJFsUkMQR0vL9VUiy/+QRoUmTRJkJsLbIatU5QMOTwQzHsCqTtkvm2DF31Z1UeXu10EH+1J/YXAXr0LS+nOw5A==",
        "dependencies": {
          "Uno.Core.Extensions.Disposables": "4.1.1",
          "Uno.Core.Extensions.Equality": "4.1.1"
        }
      },
      "Uno.Core.Extensions.Disposables": {
        "type": "Transitive",
        "resolved": "4.1.1",
        "contentHash": "NSsolz0P5R5lpgtBx8yf9F8qfjuw4+wykGsr99JDkYkbZ+ZkD651uW0lbvl6/lbQgcSljVgSExMnOw7WonbyVQ=="
      },
      "Uno.Core.Extensions.Equality": {
        "type": "Transitive",
        "resolved": "4.1.1",
        "contentHash": "BvJIN/RELgUxZadN+HO1PpvV0i3JA4sXgjlUtMin8gOr/zAoSQLeYWWhcVm+s5LqWj7oYGguqN3kw+peKUI0+w=="
      },
      "Uno.Core.Extensions.Logging": {
        "type": "Transitive",
        "resolved": "4.1.1",
        "contentHash": "GnqBz8EKdqt8tJlCM2ncZVpbNT31OmHx8248ZaVIxg3J4FysFcMUapJ0DEgObNsNBZrN+Iicssi8Bp3N7AEW3Q==",
        "dependencies": {
          "Microsoft.Extensions.Logging": "5.0.0"
        }
      },
      "Uno.Core.Extensions.Logging.Singleton": {
        "type": "Transitive",
        "resolved": "4.1.1",
        "contentHash": "P+MQuWFpfDzKNs4UMqQp0WxBGl2MAsxUZrWbdC6rFUWs1ZLCH8B8u8nbIloTnMniPOut3YYdTQHPNLhhTUYrzg==",
        "dependencies": {
          "CommonServiceLocator": "2.0.5",
          "Microsoft.Extensions.Logging": "5.0.0"
        }
      },
      "Uno.Diagnostics.Eventing": {
        "type": "Transitive",
        "resolved": "2.0.1",
        "contentHash": "Hd03em+Bga+w+ljCtiyc+713PQDtCB0Qkw3sBggvXXdDB2URwEc3N4TnM3vFeXpmHHZGM7dN7D8qxfiGoEEHzw=="
      },
      "Uno.Extensions.Configuration": {
        "type": "Transitive",
        "resolved": "7.2.3",
        "contentHash": "93+Bxk89OvFqdK8GJr57xM+BtvI3+KXZrRB9agkdltRlkhuRg/uKFAum87S+R9XIW5gZtg1Ds8GYXI2I5Fee4w==",
        "dependencies": {
          "Microsoft.Bcl.AsyncInterfaces": "8.0.0",
          "Microsoft.Extensions.Configuration.Abstractions": "9.0.14",
          "Microsoft.Extensions.DependencyInjection": "9.0.14",
          "Microsoft.Extensions.Hosting": "9.0.14",
          "Microsoft.Extensions.Hosting.Abstractions": "9.0.14",
          "Microsoft.Extensions.Logging": "9.0.14",
          "Microsoft.Extensions.Logging.Abstractions": "9.0.14",
          "Uno.Extensions.Core": "7.2.3",
          "Uno.Extensions.Hosting": "7.2.3",
          "Uno.Extensions.Serialization": "7.2.3",
          "Uno.Extensions.Storage": "7.2.3"
        }
      },
      "Uno.Extensions.Core": {
        "type": "Transitive",
        "resolved": "7.2.3",
        "contentHash": "3XYfT4lWJ5a+JlsqBIptRyOtuC/t+y8wQs0X9RDe/cZF9INQd7gkjYiYNYvERIGFKE1iATbw5NkspE0RqC4hDw==",
        "dependencies": {
          "Microsoft.Extensions.Logging.Abstractions": "9.0.14"
        }
      },
      "Uno.Extensions.Core.WinUI": {
        "type": "Transitive",
        "resolved": "7.2.3",
        "contentHash": "Sg5SYOBLWHNscaSYNkRMOnQkInjb/V82PCSmql5LUD21S2XHuc5kOw3SDAgz7PY2KhZvMiI0jYwyO3RfZQ1qNw==",
        "dependencies": {
          "Microsoft.Extensions.Logging.Abstractions": "9.0.14",
          "Uno.Extensions.Core": "7.2.3",
          "Uno.WinUI": "6.0.465"
        }
      },
      "Uno.Extensions.Hosting": {
        "type": "Transitive",
        "resolved": "7.2.3",
        "contentHash": "6bwtvXjCxh/+Nb9B7Zc8eenp9/uo99rSRVYVaybXd08FrHVo24ocnbyHLom4pNOyFX1nLImONqeV7AZNLc32mQ==",
        "dependencies": {
          "Microsoft.Bcl.AsyncInterfaces": "8.0.0",
          "Microsoft.Extensions.Configuration.Abstractions": "9.0.14",
          "Microsoft.Extensions.DependencyInjection": "9.0.14",
          "Microsoft.Extensions.Hosting": "9.0.14",
          "Microsoft.Extensions.Hosting.Abstractions": "9.0.14",
          "Microsoft.Extensions.Logging": "9.0.14",
          "Microsoft.Extensions.Logging.Abstractions": "9.0.14",
          "Uno.Extensions.Core": "7.2.3"
        }
      },
      "Uno.Extensions.Hosting.WinUI": {
        "type": "Transitive",
        "resolved": "7.2.3",
        "contentHash": "KcNo8a8ifN1M9NuFKY3M/w2iS69c/ewJKC/1Tg5QdpzfIYSNeua+30Sqril6q16nj/i2mQ0AS87LpktVFtag7A==",
        "dependencies": {
          "Microsoft.Bcl.AsyncInterfaces": "8.0.0",
          "Microsoft.Extensions.Configuration.Abstractions": "9.0.14",
          "Microsoft.Extensions.DependencyInjection": "9.0.14",
          "Microsoft.Extensions.Hosting": "9.0.14",
          "Microsoft.Extensions.Hosting.Abstractions": "9.0.14",
          "Microsoft.Extensions.Logging": "9.0.14",
          "Microsoft.Extensions.Logging.Abstractions": "9.0.14",
          "Uno.Core.Extensions.Collections": "4.1.1",
          "Uno.Extensions.Core": "7.2.3",
          "Uno.Extensions.Core.WinUI": "7.2.3",
          "Uno.Extensions.Hosting": "7.2.3",
          "Uno.Extensions.Storage": "7.2.3",
          "Uno.Extensions.Storage.WinUI": "7.2.3",
          "Uno.WinUI": "6.0.465"
        }
      },
      "Uno.Extensions.Logging.WebAssembly.Console": {
        "type": "Transitive",
        "resolved": "1.7.0",
        "contentHash": "VuDnbM+a/+OkTGvPxQPeYPeZLxWQxKrE55YqwSDxw8lWyo/XwFYrIQmYKTFR8f8/ldrs/Po82YSwfxLnX0he8g==",
        "dependencies": {
          "Microsoft.Extensions.Logging.Abstractions": "1.1.1"
        }
      },
      "Uno.Extensions.Logging.WinUI": {
        "type": "Transitive",
        "resolved": "7.2.3",
        "contentHash": "meFObpslVfDpuRfrShOVLIDLEgPHTN+Cg06BV4t0p+Z3Bc/7Uw+KjQ+zBnaZ3AymSbYn30VBOhILSsariOKumw==",
        "dependencies": {
          "Microsoft.Bcl.AsyncInterfaces": "8.0.0",
          "Microsoft.Extensions.Configuration.Abstractions": "9.0.14",
          "Microsoft.Extensions.DependencyInjection": "9.0.14",
          "Microsoft.Extensions.Hosting": "9.0.14",
          "Microsoft.Extensions.Hosting.Abstractions": "9.0.14",
          "Microsoft.Extensions.Logging": "9.0.14",
          "Microsoft.Extensions.Logging.Abstractions": "9.0.14",
          "Uno.Core.Extensions.Logging": "4.1.1",
          "Uno.Core.Extensions.Logging.Singleton": "4.1.1",
          "Uno.Extensions.Core": "7.2.3",
          "Uno.Extensions.Hosting": "7.2.3",
          "Uno.Extensions.Logging.WebAssembly.Console": "1.7.0",
          "Uno.UI.Adapter.Microsoft.Extensions.Logging": "6.0.465",
          "Uno.WinUI": "6.0.465"
        }
      },
      "Uno.Extensions.Navigation": {
        "type": "Transitive",
        "resolved": "7.2.3",
        "contentHash": "CglIOb7A6G7nVxNv1xlegl8JZUBbzxSFDAMCso7PAvMq6fcYmdxv2RG4Z1nME1QA/QmJus9+PZ9Su1UCcFX9aQ==",
        "dependencies": {
          "Microsoft.Bcl.AsyncInterfaces": "8.0.0",
          "Microsoft.Extensions.Configuration.Abstractions": "9.0.14",
          "Microsoft.Extensions.DependencyInjection": "9.0.14",
          "Microsoft.Extensions.Hosting": "9.0.14",
          "Microsoft.Extensions.Hosting.Abstractions": "9.0.14",
          "Microsoft.Extensions.Localization.Abstractions": "9.0.14",
          "Microsoft.Extensions.Logging": "9.0.14",
          "Microsoft.Extensions.Logging.Abstractions": "9.0.14",
          "Uno.Core.Extensions.Logging": "4.1.1",
          "Uno.Core.Extensions.Logging.Singleton": "4.1.1",
          "Uno.Extensions.Core": "7.2.3",
          "Uno.Extensions.Hosting": "7.2.3"
        }
      },
      "Uno.Extensions.Navigation.Toolkit.WinUI": {
        "type": "Transitive",
        "resolved": "7.2.3",
        "contentHash": "ElBsMF2aieEswQYOiKTkiCSDYvkoYsLcNK1H7K2Coa4SUVFZY0aLnVGQuPsl5Sqxf6wgvax/LB/M6W1NDCzJuw==",
        "dependencies": {
          "Microsoft.Bcl.AsyncInterfaces": "8.0.0",
          "Microsoft.Extensions.Configuration.Abstractions": "9.0.14",
          "Microsoft.Extensions.DependencyInjection": "9.0.14",
          "Microsoft.Extensions.Hosting": "9.0.14",
          "Microsoft.Extensions.Hosting.Abstractions": "9.0.14",
          "Microsoft.Extensions.Localization.Abstractions": "9.0.14",
          "Microsoft.Extensions.Logging": "9.0.14",
          "Microsoft.Extensions.Logging.Abstractions": "9.0.14",
          "Uno.Core.Extensions": "4.1.1",
          "Uno.Core.Extensions.Collections": "4.1.1",
          "Uno.Core.Extensions.Logging": "4.1.1",
          "Uno.Core.Extensions.Logging.Singleton": "4.1.1",
          "Uno.Extensions.Core": "7.2.3",
          "Uno.Extensions.Core.WinUI": "7.2.3",
          "Uno.Extensions.Navigation.WinUI": "7.2.3",
          "Uno.Toolkit.WinUI": "7.0.2",
          "Uno.WinUI": "6.0.465"
        }
      },
      "Uno.Extensions.Navigation.WinUI": {
        "type": "Transitive",
        "resolved": "7.2.3",
        "contentHash": "o8idjNtdp7wZbJhv7tkgH1NAB+j783aimjxELsxzFf1ulenqXwtLwuoMXJdOjBCQ7N7H7NspvcFgXy87vy11XA==",
        "dependencies": {
          "Microsoft.Bcl.AsyncInterfaces": "8.0.0",
          "Microsoft.Extensions.Configuration.Abstractions": "9.0.14",
          "Microsoft.Extensions.DependencyInjection": "9.0.14",
          "Microsoft.Extensions.Hosting": "9.0.14",
          "Microsoft.Extensions.Hosting.Abstractions": "9.0.14",
          "Microsoft.Extensions.Localization.Abstractions": "9.0.14",
          "Microsoft.Extensions.Logging": "9.0.14",
          "Microsoft.Extensions.Logging.Abstractions": "9.0.14",
          "Uno.Core.Extensions": "4.1.1",
          "Uno.Core.Extensions.Collections": "4.1.1",
          "Uno.Core.Extensions.Logging": "4.1.1",
          "Uno.Core.Extensions.Logging.Singleton": "4.1.1",
          "Uno.Extensions.Configuration": "7.2.3",
          "Uno.Extensions.Core.WinUI": "7.2.3",
          "Uno.Extensions.Hosting": "7.2.3",
          "Uno.Extensions.Hosting.WinUI": "7.2.3",
          "Uno.Extensions.Navigation": "7.2.3",
          "Uno.WinUI": "6.0.465"
        }
      },
      "Uno.Extensions.Reactive": {
        "type": "Transitive",
        "resolved": "7.2.3",
        "contentHash": "6GHLOiW0yia86CkwKLlQJjnB/vxfaRDBWsOUSlgdSywjSqM+HnGOVsWI3bWYtFkvBpXA4M8cyYb/Rb8ouETZVw==",
        "dependencies": {
          "Microsoft.Extensions.Logging.Abstractions": "9.0.14",
          "System.Linq.Async": "4.0.0",
          "Uno.Extensions.Core": "7.2.3",
          "Uno.Toolkit": "7.0.7"
        }
      },
      "Uno.Extensions.Reactive.Messaging": {
        "type": "Transitive",
        "resolved": "7.2.3",
        "contentHash": "8dP9GNM5LXy4rtlWZf3J+ixROkG+cNOqpfg0gxme6LAUCMMjxFoXjdjkkhWNAacU8plnIjoVxHK1iLkYK9VOIw==",
        "dependencies": {
          "CommunityToolkit.Mvvm": "8.4.2",
          "Microsoft.Extensions.Logging.Abstractions": "9.0.14",
          "System.Linq.Async": "4.0.0",
          "Uno.Extensions.Reactive": "7.2.3"
        }
      },
      "Uno.Extensions.Reactive.WinUI": {
        "type": "Transitive",
        "resolved": "7.2.3",
        "contentHash": "XuEA1bk7QnNYxZJXOAjGkZSJ8/2/ketCiyOsrPyYa8yUymipKDzUjRmlZXsg2i35mughcHbCqB3P51wlG+1FjQ==",
        "dependencies": {
          "Microsoft.Bcl.AsyncInterfaces": "8.0.0",
          "Microsoft.Extensions.DependencyInjection": "9.0.14",
          "Microsoft.Extensions.Logging": "9.0.14",
          "Microsoft.Extensions.Logging.Abstractions": "9.0.14",
          "System.Linq.Async": "4.0.0",
          "Uno.Core.Extensions.Collections": "4.1.1",
          "Uno.Core.Extensions.Logging": "4.1.1",
          "Uno.Core.Extensions.Logging.Singleton": "4.1.1",
          "Uno.Extensions.Reactive": "7.2.3",
          "Uno.Toolkit.WinUI": "7.0.2",
          "Uno.WinUI": "6.0.465"
        }
      },
      "Uno.Extensions.Serialization": {
        "type": "Transitive",
        "resolved": "7.2.3",
        "contentHash": "aCdh2r4Ix6lB3HUOZtMAUXj+rb/bWylNb6s1uSWzOUhjsSTT9K+dW/ZZQG/0jwb5xrK/cTFFuDxH95N48VcTjA==",
        "dependencies": {
          "Microsoft.Bcl.AsyncInterfaces": "8.0.0",
          "Microsoft.Extensions.Configuration.Abstractions": "9.0.14",
          "Microsoft.Extensions.DependencyInjection": "9.0.14",
          "Microsoft.Extensions.Hosting": "9.0.14",
          "Microsoft.Extensions.Hosting.Abstractions": "9.0.14",
          "Microsoft.Extensions.Logging": "9.0.14",
          "Microsoft.Extensions.Logging.Abstractions": "9.0.14",
          "Uno.Extensions.Core": "7.2.3",
          "Uno.Extensions.Hosting": "7.2.3"
        }
      },
      "Uno.Extensions.Storage": {
        "type": "Transitive",
        "resolved": "7.2.3",
        "contentHash": "TAXHfC/ESTDv4EYmGvNllJHCgjeppjxsKvJCUjIIzuW6TDyT5ZTwq9LT3pBeuN7TPIWjqMJUA9L2B/fXlZOFLQ==",
        "dependencies": {
          "Microsoft.Bcl.AsyncInterfaces": "8.0.0",
          "Microsoft.Extensions.Configuration.Abstractions": "9.0.14",
          "Microsoft.Extensions.DependencyInjection": "9.0.14",
          "Microsoft.Extensions.Hosting": "9.0.14",
          "Microsoft.Extensions.Hosting.Abstractions": "9.0.14",
          "Microsoft.Extensions.Logging": "9.0.14",
          "Microsoft.Extensions.Logging.Abstractions": "9.0.14",
          "Uno.Extensions.Core": "7.2.3",
          "Uno.Extensions.Serialization": "7.2.3"
        }
      },
      "Uno.Extensions.Storage.WinUI": {
        "type": "Transitive",
        "resolved": "7.2.3",
        "contentHash": "5STGiJRC1sBaJ3Wx0xXv6UDNF9rCjsL7LE+nhjH6yTemd7Nm4a12wc8t7/Cu1X1GwDQA+Uxn5mujtX68cxtZ2g==",
        "dependencies": {
          "Microsoft.Bcl.AsyncInterfaces": "8.0.0",
          "Microsoft.Extensions.Configuration.Abstractions": "9.0.14",
          "Microsoft.Extensions.DependencyInjection": "9.0.14",
          "Microsoft.Extensions.Hosting": "9.0.14",
          "Microsoft.Extensions.Hosting.Abstractions": "9.0.14",
          "Microsoft.Extensions.Logging": "9.0.14",
          "Microsoft.Extensions.Logging.Abstractions": "9.0.14",
          "Uno.Core.Extensions.Collections": "4.1.1",
          "Uno.Extensions.Configuration": "7.2.3",
          "Uno.Extensions.Core": "7.2.3",
          "Uno.Extensions.Serialization": "7.2.3",
          "Uno.Extensions.Storage": "7.2.3",
          "Uno.WinUI": "6.0.465"
        }
      },
      "Uno.Fonts.Fluent": {
        "type": "Transitive",
        "resolved": "2.6.1",
        "contentHash": "mV1JWlpU9e6uWf/hamfTv+ysSRlRjjao1WtewGUtFz2/tB83C5h10gZReiWX4ZQXG2P0bgI/yx1ZxPYfiM3Hcg=="
      },
      "Uno.Fonts.Roboto": {
        "type": "Transitive",
        "resolved": "2.2.2",
        "contentHash": "ZwpuV0++EPb7qAZuk8rj9fB4DR8FjeAcjug/JRYYf45p2tep6yb2GGxhU0yMGG+57Dtjavomq+abOXetSKEKvw=="
      },
      "Uno.Foundation": {
        "type": "Transitive",
        "resolved": "6.6.184",
        "contentHash": "a3ongVs6fqTCGLUBVPFOAqZyKwwit5sXk7Poeu0Hb5xVICxbmeYVN8uFURUMgWY/9m5Xns9rxgAS5k170JEk/Q=="
      },
      "Uno.Foundation.Logging": {
        "type": "Transitive",
        "resolved": "6.6.184",
        "contentHash": "Zn22Y5xKecK6UfQZ7Yjqn6u/eMugqZKWtsQEqKfzSD6yrhqrAktKOZEQaQ8IsUH3zwN+6PQGJUg1WKDgFvZRaw=="
      },
      "Uno.Material.WinUI": {
        "type": "Transitive",
        "resolved": "7.0.3",
        "contentHash": "rTtxf30RzXjZW8HUOXOpigSAePXXuNF20Tluu2VU88YydHwU+WqneVwdHL0pay16/LqhJW3EjSo3/e53gNPArQ==",
        "dependencies": {
          "SkiaSharp.Views.Uno.WinUI": "3.119.1",
          "Uno.Core.Extensions.Disposables": "4.0.1",
          "Uno.Core.Extensions.Logging.Singleton": "4.0.1",
          "Uno.Fonts.Roboto": "2.2.2",
          "Uno.Themes.WinUI": "7.0.3",
          "Uno.WinUI": "6.4.229",
          "Uno.WinUI.Lottie": "6.4.229"
        }
      },
      "Uno.Themes.WinUI": {
        "type": "Transitive",
        "resolved": "7.0.3",
        "contentHash": "vd3t8FPh51QtojRfk9Bu5lGsz0YngjQysebrgmYKp/YTJRGJsHgvbRrNrpGsl92y5bX0h4HLjPjlv52ow3QFhg==",
        "dependencies": {
          "Uno.Core.Extensions.Disposables": "4.0.1",
          "Uno.Core.Extensions.Logging.Singleton": "4.0.1",
          "Uno.Fonts.Roboto": "2.2.2",
          "Uno.WinUI": "6.4.229"
        }
      },
      "Uno.Toolkit": {
        "type": "Transitive",
        "resolved": "9.0.3",
        "contentHash": "TOaKSXRif2TMXKe8xg7Y0WQtEaVj3oLZiURbXX2kCdhh8QvHMjN0hjWzKA733Nb0hzmjEqpMTz2zTnZGen9+vg=="
      },
      "Uno.Toolkit.WinUI": {
        "type": "Transitive",
        "resolved": "9.0.3",
        "contentHash": "ZUJWTTzTwnG1GZahNFTX5Q2ws36VHySTgYL33DCzhrSyCd6pVc/s7xhrwVLA4NokMMY+UczqxkuLYO3nhSa98w==",
        "dependencies": {
          "Uno.Core.Extensions.Collections": "4.0.1",
          "Uno.Core.Extensions.Logging": "4.0.1",
          "Uno.Core.Extensions.Logging.Singleton": "4.1.1",
          "Uno.Toolkit": "9.0.3",
          "Uno.WinUI": "6.5.153"
        }
      },
      "Uno.Toolkit.WinUI.Material": {
        "type": "Transitive",
        "resolved": "9.0.3",
        "contentHash": "KcU2vKZs6qWxz9Z9u8VqkwV3vbBmeq/m4opkjX+oMnXg/dSCdcSDkjtHYBeqc6PjRdwTioRY46YQvnNY+ayL1A==",
        "dependencies": {
          "SkiaSharp.Views.Uno.WinUI": "3.119.1",
          "Uno.Material.WinUI": "7.0.3",
          "Uno.Toolkit.WinUI": "9.0.3",
          "Uno.WinUI": "6.5.153",
          "Uno.WinUI.Lottie": "6.5.153"
        }
      },
      "Uno.UI.Adapter.Microsoft.Extensions.Logging": {
        "type": "Transitive",
        "resolved": "6.6.184",
        "contentHash": "bw1fTUHf9ocNq4S3T56WH6I4+elA5ZIqGIKMmu/+kIyHIeAr1XnArftVMYcQgbW5oOHXtypbs54R2Ig5Q+tHaA==",
        "dependencies": {
          "Uno.Core.Extensions.Logging": "4.0.1",
          "Uno.Core.Extensions.Logging.Singleton": "4.0.1",
          "Uno.Foundation.Logging": "6.6.184"
        }
      },
      "Uno.UI.App.Mcp": {
        "type": "Transitive",
        "resolved": "1.2.44",
        "contentHash": "Gs+x+DxilQ4ike0VFJ1r8GAwXCO0Kjfrymzx/8uENd0R/l1AiHUcS3zbtBJKgl/VF/5WncrsuE3e46Jf7ELf5Q==",
        "dependencies": {
          "SkiaSharp": "3.119.0"
        }
      },
      "Uno.UI.HotDesign": {
        "type": "Transitive",
        "resolved": "1.19.179",
        "contentHash": "zbtyNMa9Q9cjf8s99vmBlmWm/Mq9sGj4nobVpR9FcfW/fqmte+X0DO2iCGz475zgSUfN1fAc10H4yiu16sw0kQ==",
        "dependencies": {
          "CommunityToolkit.Mvvm": "8.4.2",
          "Microsoft.Extensions.Logging": "9.0.14",
          "SkiaSharp.Views.Uno.WinUI": "3.119.2",
          "Uno.Core.Extensions.Logging.Singleton": "4.1.1",
          "Uno.Themes.WinUI": "7.0.3",
          "Uno.Toolkit.WinUI": "9.0.3",
          "Uno.WinUI": "6.6.184",
          "Uno.WinUI.DevServer": "6.6.184",
          "Uno.WinUI.DevServer.Messaging": "6.6.184",
          "Uno.WinUI.Lottie": "6.6.184"
        }
      },
      "Uno.Wasm.WebSockets": {
        "type": "Transitive",
        "resolved": "1.1.0",
        "contentHash": "U2d297Z/CxP0GZ3mYCu8kdKzO7PKw5lE7j+gwgXAZS1OlZiWS9EoiBbpUmr/0nSH6wPqClMbtGi6LLs0jslOog=="
      },
      "Uno.WinRT": {
        "type": "Transitive",
        "resolved": "6.6.184",
        "contentHash": "fhKIbzDeg0H4AYz81788LNAZKcvLZ/pucwdXTnqVe66+cNs2VOb0ZHw/4hBbKPq5FplfTqITfSH/WEkHQ8g1rA==",
        "dependencies": {
          "Uno.Foundation": "6.6.184"
        }
      },
      "Uno.WinUI": {
        "type": "Transitive",
        "resolved": "6.6.184",
        "contentHash": "CxpkAUoSMpdMPtdpdSHQQiO64WuYIPnEfECHdH0uPv1QWCeiYlprYL24ZzYguhqtuzrz7MxfkvfX1hwG1/B9SQ==",
        "dependencies": {
          "Uno.Diagnostics.Eventing": "2.0.1",
          "Uno.Fonts.Fluent": "2.6.1",
          "Uno.Foundation.Logging": "6.6.184",
          "Uno.WinRT": "6.6.184"
        }
      },
      "Uno.WinUI.DevServer": {
        "type": "Transitive",
        "resolved": "6.6.184",
        "contentHash": "9NKUNHJRUqMToCwSDZB2D5cVyGP8OApBIO53FGSd/4Zvkqgu9jZqeKjXYF9q8HH02JOp+fCo8RghfxOg1R0UBw==",
        "dependencies": {
          "Newtonsoft.Json": "13.0.3",
          "Uno.Wasm.WebSockets": "1.1.0",
          "Uno.WinUI": "6.6.184",
          "Uno.WinUI.DevServer.Messaging": "6.6.184"
        }
      },
      "Uno.WinUI.DevServer.Messaging": {
        "type": "Transitive",
        "resolved": "6.6.184",
        "contentHash": "56ayMJoEZ7bSwnNOmTm4wi0StN2lu6lqtcLOxQPd4gRFq+4qI9RDx1iFhWaggb1jKUmQ49qjHakeW45Exl+koA==",
        "dependencies": {
          "Newtonsoft.Json": "13.0.3"
        }
      },
      "Uno.WinUI.Graphics2DSK": {
        "type": "Transitive",
        "resolved": "6.6.184",
        "contentHash": "ucXbSM3I41Td4OV7jInGo8D+HWSwfJXudwwTpOFhEAi5rDYmPdQExGctJsbsb4d5eSOEX3fPsVgGkOOFZHGUuA==",
        "dependencies": {
          "SkiaSharp": "3.119.0",
          "Uno.WinUI": "6.6.184"
        }
      },
      "Uno.WinUI.Lottie": {
        "type": "Transitive",
        "resolved": "6.6.184",
        "contentHash": "PdJFPN+46T1RJL/Gw4nmjREoZYOEwTQKiu4oESnsXv2UNjp/4ow/OU8nbgysNDVp4Wm3oXatD2x6EWQSK4YA8g==",
        "dependencies": {
          "System.Json": "4.7.1",
          "Uno.WinUI": "6.6.184"
        }
      },
      "xunit.v3.assert": {
        "type": "Transitive",
        "resolved": "3.2.2",
        "contentHash": "BPciBghgEEaJN/JG00QfCYDfEfnLgQhfnYEy+j1izoeHVNYd5+3Wm8GJ6JgYysOhpBPYGE+sbf75JtrRc7jrdA=="
      },
      "xunit.v3.common": {
        "type": "Transitive",
        "resolved": "3.2.2",
        "contentHash": "Hj775PEH6GTbbg0wfKRvG2hNspDCvTH9irXhH4qIWgdrOSV1sQlqPie+DOvFeigsFg2fxSM3ZAaaCDQs+KreFA==",
        "dependencies": {
          "Microsoft.Bcl.AsyncInterfaces": "6.0.0"
        }
      },
      "xunit.v3.core.mtp-v2": {
        "type": "Transitive",
        "resolved": "3.2.2",
        "contentHash": "zW82tdCm+T1uUD1JKE+SmhgMq8nCAvcFPRLIVEiRgaxBSjcyJEKopLU3bHGOa416q+N3Dz7m1zLoPR5VJ5OQ+Q==",
        "dependencies": {
          "Microsoft.Testing.Extensions.Telemetry": "2.0.2",
          "Microsoft.Testing.Extensions.TrxReport.Abstractions": "2.0.2",
          "Microsoft.Testing.Platform": "2.0.2",
          "Microsoft.Testing.Platform.MSBuild": "2.0.2",
          "xunit.v3.extensibility.core": "[3.2.2]",
          "xunit.v3.runner.inproc.console": "[3.2.2]"
        }
      },
      "xunit.v3.extensibility.core": {
        "type": "Transitive",
        "resolved": "3.2.2",
        "contentHash": "srY8z/oMPvh/t8axtO2DwrHajhFMH7tnqKildvYrVQIfICi8fOn3yIBWkVPAcrKmHMwvXRJ/XsQM3VMR6DOYfQ==",
        "dependencies": {
          "xunit.v3.common": "[3.2.2]"
        }
      },
      "xunit.v3.runner.common": {
        "type": "Transitive",
        "resolved": "3.2.2",
        "contentHash": "/hkHkQCzGrugelOAehprm7RIWdsUFVmIVaD6jDH/8DNGCymTlKKPTbGokD5czbAfqfex47mBP0sb0zbHYwrO/g==",
        "dependencies": {
          "Microsoft.Win32.Registry": "[5.0.0]",
          "xunit.v3.common": "[3.2.2]"
        }
      },
      "xunit.v3.runner.inproc.console": {
        "type": "Transitive",
        "resolved": "3.2.2",
        "contentHash": "ulWOdSvCk+bPXijJZ73bth9NyoOHsAs1ZOvamYbCkD4DNLX/Bd29Ve2ZNUwBbK0MqfIYWXHZViy/HKrdEC/izw==",
        "dependencies": {
          "xunit.v3.extensibility.core": "[3.2.2]",
          "xunit.v3.runner.common": "[3.2.2]"
        }
      },
      "MailFathom.Client": {
        "type": "Project",
        "dependencies": {
          "MailFathom.Client.Backend": "[0.8.0, )",
          "Microsoft.Extensions.Logging.Console": "[10.0.10, )",
          "SkiaSharp.Skottie": "[3.119.2, )",
          "SkiaSharp.Views.Uno.WinUI": "[3.119.2, )",
          "Uno.Extensions.Configuration": "[7.2.3, )",
          "Uno.Extensions.Core.WinUI": "[7.2.3, )",
          "Uno.Extensions.Hosting.WinUI": "[7.2.3, )",
          "Uno.Extensions.Logging.WinUI": "[7.2.3, )",
          "Uno.Extensions.Navigation.Toolkit.WinUI": "[7.2.3, )",
          "Uno.Extensions.Navigation.WinUI": "[7.2.3, )",
          "Uno.Extensions.Reactive.Messaging": "[7.2.3, )",
          "Uno.Extensions.Reactive.WinUI": "[7.2.3, )",
          "Uno.Material.WinUI": "[7.0.3, )",
          "Uno.Toolkit.WinUI": "[9.0.3, )",
          "Uno.Toolkit.WinUI.Material": "[9.0.3, )",
          "Uno.UI.Adapter.Microsoft.Extensions.Logging": "[6.6.184, )",
          "Uno.UI.App.Mcp": "[1.2.44, )",
          "Uno.UI.HotDesign": "[1.19.179, )",
          "Uno.WinUI": "[6.6.184, )",
          "Uno.WinUI.DevServer": "[6.6.184, )",
          "Uno.WinUI.Graphics2DSK": "[6.6.184, )",
          "Uno.WinUI.Lottie": "[6.6.184, )"
        }
      },
      "MailFathom.Client.Backend": {
        "type": "Project",
        "dependencies": {
          "Microsoft.Extensions.Http": "[10.0.10, )"
        }
      },
      "Microsoft.Extensions.Http": {
        "type": "CentralTransitive",
        "requested": "[10.0.10, )",
        "resolved": "10.0.10",
        "contentHash": "DuEBLw2y7ZBfilnaJtlge8f2M49932v43t7j1InceXVjcZzxNrSEkobYXdgZkXuPFnFbKcbWpAS+fZgYEW1BhA==",
        "dependencies": {
          "Microsoft.Extensions.Configuration.Abstractions": "10.0.10",
          "Microsoft.Extensions.DependencyInjection.Abstractions": "10.0.10",
          "Microsoft.Extensions.Diagnostics": "10.0.10",
          "Microsoft.Extensions.Logging": "10.0.10",
          "Microsoft.Extensions.Logging.Abstractions": "10.0.10",
          "Microsoft.Extensions.Options": "10.0.10"
        }
      }
    }
  }
}